// !$*UTF8*$!
{
	archiveVersion = 1;
	classes = {
	};
	objectVersion = 55;
	objects = {

/* Begin PBXBuildFile section */
		3F132723287DE71F0043625F /* CommonStatusView.swift in Sources */ = {isa = PBXBuildFile; fileRef = 3F132721287D7CDC0043625F /* CommonStatusView.swift */; };
		3F1E06EC2846284A00659F71 /* UIButton+.swift in Sources */ = {isa = PBXBuildFile; fileRef = 3F1E06EA284627CE00659F71 /* UIButton+.swift */; };
		3F252FC2283B7BED00D927E9 /* ViewController+.swift in Sources */ = {isa = PBXBuildFile; fileRef = 3F252FC1283B7BED00D927E9 /* ViewController+.swift */; };
		3F26FBFB2835FC69003EF65C /* Design.docc in Sources */ = {isa = PBXBuildFile; fileRef = 3F26FBFA2835FC69003EF65C /* Design.docc */; };
		3F26FC012835FC69003EF65C /* DesignToolbox.framework in Frameworks */ = {isa = PBXBuildFile; fileRef = 3F26FBF72835FC69003EF65C /* DesignToolbox.framework */; };
		3F26FC082835FC69003EF65C /* DesignTests.swift in Sources */ = {isa = PBXBuildFile; fileRef = 3F26FC072835FC69003EF65C /* DesignTests.swift */; };
		3F26FC0C2835FC69003EF65C /* DesignToolbox.framework in Frameworks */ = {isa = PBXBuildFile; fileRef = 3F26FBF72835FC69003EF65C /* DesignToolbox.framework */; };
		3F26FC0D2835FC69003EF65C /* DesignToolbox.framework in Embed Frameworks */ = {isa = PBXBuildFile; fileRef = 3F26FBF72835FC69003EF65C /* DesignToolbox.framework */; settings = {ATTRIBUTES = (CodeSignOnCopy, RemoveHeadersOnCopy, ); }; };
		3F26FC142835FC7E003EF65C /* UIColor+.swift in Sources */ = {isa = PBXBuildFile; fileRef = 3FDC895228354D3700A68C67 /* UIColor+.swift */; };
		3F26FC1B2835FC9D003EF65C /* ComponentSystem.swift in Sources */ = {isa = PBXBuildFile; fileRef = 3F26FC1A2835FC9D003EF65C /* ComponentSystem.swift */; };
		3F26FC1D2835FD0D003EF65C /* DesignToolbox.framework in Frameworks */ = {isa = PBXBuildFile; fileRef = 3F26FBF72835FC69003EF65C /* DesignToolbox.framework */; };
		3F26FC1E2835FD0E003EF65C /* DesignToolbox.framework in Embed Frameworks */ = {isa = PBXBuildFile; fileRef = 3F26FBF72835FC69003EF65C /* DesignToolbox.framework */; settings = {ATTRIBUTES = (CodeSignOnCopy, RemoveHeadersOnCopy, ); }; };
		3F26FC212835FD13003EF65C /* DesignCore.framework in Frameworks */ = {isa = PBXBuildFile; fileRef = 3F7C1FA02834A47300D136BE /* DesignCore.framework */; };
		3F26FC222835FD13003EF65C /* DesignCore.framework in Embed Frameworks */ = {isa = PBXBuildFile; fileRef = 3F7C1FA02834A47300D136BE /* DesignCore.framework */; settings = {ATTRIBUTES = (CodeSignOnCopy, RemoveHeadersOnCopy, ); }; };
		3F26FC272836316F003EF65C /* ComponentCell.swift in Sources */ = {isa = PBXBuildFile; fileRef = 3F26FC262836316F003EF65C /* ComponentCell.swift */; };
		3F282374283F6BFD00B8F5FE /* Nuke in Frameworks */ = {isa = PBXBuildFile; productRef = 3F282373283F6BFD00B8F5FE /* Nuke */; };
		3F77A3932955BD9C008DAC67 /* FontSystem.swift in Sources */ = {isa = PBXBuildFile; fileRef = 3F77A38F2955BD9C008DAC67 /* FontSystem.swift */; };
		3F77A3942955BD9C008DAC67 /* ColorLoader.swift in Sources */ = {isa = PBXBuildFile; fileRef = 3F77A3902955BD9C008DAC67 /* ColorLoader.swift */; };
		3F77A3952955BD9C008DAC67 /* Theme.swift in Sources */ = {isa = PBXBuildFile; fileRef = 3F77A3912955BD9C008DAC67 /* Theme.swift */; };
		3F77A3962955BD9C008DAC67 /* ThemeProvider.swift in Sources */ = {isa = PBXBuildFile; fileRef = 3F77A3922955BD9C008DAC67 /* ThemeProvider.swift */; };
		3F7C1FA52834A47300D136BE /* Core.docc in Sources */ = {isa = PBXBuildFile; fileRef = 3F7C1FA42834A47300D136BE /* Core.docc */; };
		3F7C1FAB2834A47400D136BE /* DesignCore.framework in Frameworks */ = {isa = PBXBuildFile; fileRef = 3F7C1FA02834A47300D136BE /* DesignCore.framework */; };
		3F7C1FB02834A47400D136BE /* ComponentSystemTests.swift in Sources */ = {isa = PBXBuildFile; fileRef = 3F7C1FAF2834A47400D136BE /* ComponentSystemTests.swift */; };
		3F7C1FC32834A58B00D136BE /* CommonProtocols.swift in Sources */ = {isa = PBXBuildFile; fileRef = 3F7C1FBD2834A58A00D136BE /* CommonProtocols.swift */; };
		3F7C1FC42834A58B00D136BE /* TextFieldDelegateProxy.swift in Sources */ = {isa = PBXBuildFile; fileRef = 3F7C1FBE2834A58A00D136BE /* TextFieldDelegateProxy.swift */; };
		3F7C1FC82834BD2200D136BE /* Validator.swift in Sources */ = {isa = PBXBuildFile; fileRef = 3F7C1FC72834BD2200D136BE /* Validator.swift */; };
		3F95F44A2840D41F001BA153 /* UIImage+.swift in Sources */ = {isa = PBXBuildFile; fileRef = 3F95F4492840D41F001BA153 /* UIImage+.swift */; };
		3FA874A32838BC3A00699F51 /* RxComponents.docc in Sources */ = {isa = PBXBuildFile; fileRef = 3FA874A22838BC3A00699F51 /* RxComponents.docc */; };
		3FA874A92838BC3A00699F51 /* DesignRx.framework in Frameworks */ = {isa = PBXBuildFile; fileRef = 3FA8749F2838BC3900699F51 /* DesignRx.framework */; };
		3FA874B02838BC3A00699F51 /* RxComponentsTests.swift in Sources */ = {isa = PBXBuildFile; fileRef = 3FA874AF2838BC3A00699F51 /* RxComponentsTests.swift */; };
		3FA874B42838BC3A00699F51 /* DesignRx.framework in Frameworks */ = {isa = PBXBuildFile; fileRef = 3FA8749F2838BC3900699F51 /* DesignRx.framework */; };
		3FA874B52838BC3A00699F51 /* DesignRx.framework in Embed Frameworks */ = {isa = PBXBuildFile; fileRef = 3FA8749F2838BC3900699F51 /* DesignRx.framework */; settings = {ATTRIBUTES = (CodeSignOnCopy, RemoveHeadersOnCopy, ); }; };
		3FA874BD2838BC9300699F51 /* CommonTableView+Rx.swift in Sources */ = {isa = PBXBuildFile; fileRef = 3FA874BC2838BC9300699F51 /* CommonTableView+Rx.swift */; };
		3FA874C02838BEA900699F51 /* RxCocoa in Frameworks */ = {isa = PBXBuildFile; productRef = 3FA874BF2838BEA900699F51 /* RxCocoa */; };
		3FA874C12838BF1700699F51 /* DesignComponents.framework in Frameworks */ = {isa = PBXBuildFile; fileRef = 3FDC891D2835068600A68C67 /* DesignComponents.framework */; };
		3FA874C22838BF1700699F51 /* DesignComponents.framework in Embed Frameworks */ = {isa = PBXBuildFile; fileRef = 3FDC891D2835068600A68C67 /* DesignComponents.framework */; settings = {ATTRIBUTES = (CodeSignOnCopy, RemoveHeadersOnCopy, ); }; };
		3FA874C92838C41D00699F51 /* KeyboardDemo.swift in Sources */ = {isa = PBXBuildFile; fileRef = 3FA874C82838C41D00699F51 /* KeyboardDemo.swift */; };
		3FA874CC2838C4FD00699F51 /* SnapKit in Frameworks */ = {isa = PBXBuildFile; productRef = 3FA874CB2838C4FD00699F51 /* SnapKit */; };
		3FC2F1782876D4D8005CDF9D /* NSLayoutConstraint+.swift in Sources */ = {isa = PBXBuildFile; fileRef = 3FC2F16A2876D4D8005CDF9D /* NSLayoutConstraint+.swift */; };
		3FC2F1792876D4D9005CDF9D /* UITableView+.swift in Sources */ = {isa = PBXBuildFile; fileRef = 3FC2F16B2876D4D8005CDF9D /* UITableView+.swift */; };
		3FC2F17A2876D4D9005CDF9D /* CommonCell.swift in Sources */ = {isa = PBXBuildFile; fileRef = 3FC2F16D2876D4D8005CDF9D /* CommonCell.swift */; };
		3FC2F17B2876D4D9005CDF9D /* CommonTableView.swift in Sources */ = {isa = PBXBuildFile; fileRef = 3FC2F16E2876D4D8005CDF9D /* CommonTableView.swift */; };
		3FC2F17C2876D4D9005CDF9D /* CommonHeader.swift in Sources */ = {isa = PBXBuildFile; fileRef = 3FC2F16F2876D4D8005CDF9D /* CommonHeader.swift */; };
		3FC2F17D2876D4D9005CDF9D /* CommonTableViewProtocol.swift in Sources */ = {isa = PBXBuildFile; fileRef = 3FC2F1702876D4D8005CDF9D /* CommonTableViewProtocol.swift */; };
		3FC2F17E2876D4D9005CDF9D /* CommonTextField.swift in Sources */ = {isa = PBXBuildFile; fileRef = 3FC2F1722876D4D8005CDF9D /* CommonTextField.swift */; };
		3FC2F17F2876D4D9005CDF9D /* KeyboardConfiguration.swift in Sources */ = {isa = PBXBuildFile; fileRef = 3FC2F1742876D4D8005CDF9D /* KeyboardConfiguration.swift */; };
		3FC2F1802876D4D9005CDF9D /* KeyboardProtocol.swift in Sources */ = {isa = PBXBuildFile; fileRef = 3FC2F1752876D4D8005CDF9D /* KeyboardProtocol.swift */; };
		3FC2F1812876D4D9005CDF9D /* KeyboardComponents.swift in Sources */ = {isa = PBXBuildFile; fileRef = 3FC2F1762876D4D8005CDF9D /* KeyboardComponents.swift */; };
		3FC2F1822876D4D9005CDF9D /* Keyboard.swift in Sources */ = {isa = PBXBuildFile; fileRef = 3FC2F1772876D4D8005CDF9D /* Keyboard.swift */; };
		3FD34BD1283E27F8005B0B94 /* CommonTextFieldDemo.swift in Sources */ = {isa = PBXBuildFile; fileRef = 3FD34BD0283E27F8005B0B94 /* CommonTextFieldDemo.swift */; };
		3FDC8904283505FF00A68C67 /* Main.storyboard in Resources */ = {isa = PBXBuildFile; fileRef = 3FDC8902283505FF00A68C67 /* Main.storyboard */; };
		3FDC89062835060100A68C67 /* Assets.xcassets in Resources */ = {isa = PBXBuildFile; fileRef = 3FDC89052835060100A68C67 /* Assets.xcassets */; };
		3FDC89092835060100A68C67 /* LaunchScreen.storyboard in Resources */ = {isa = PBXBuildFile; fileRef = 3FDC89072835060100A68C67 /* LaunchScreen.storyboard */; };
		3FDC89112835063700A68C67 /* ViewController.swift in Sources */ = {isa = PBXBuildFile; fileRef = 3FDC890E2835063700A68C67 /* ViewController.swift */; };
		3FDC89122835063700A68C67 /* AppDelegate.swift in Sources */ = {isa = PBXBuildFile; fileRef = 3FDC890F2835063700A68C67 /* AppDelegate.swift */; };
		3FDC89212835068600A68C67 /* Components.docc in Sources */ = {isa = PBXBuildFile; fileRef = 3FDC89202835068600A68C67 /* Components.docc */; };
		3FDC89272835068700A68C67 /* DesignComponents.framework in Frameworks */ = {isa = PBXBuildFile; fileRef = 3FDC891D2835068600A68C67 /* DesignComponents.framework */; };
		3FDC892E2835068700A68C67 /* ComponentsTests.swift in Sources */ = {isa = PBXBuildFile; fileRef = 3FDC892D2835068700A68C67 /* ComponentsTests.swift */; };
		3FDC89322835068700A68C67 /* DesignComponents.framework in Frameworks */ = {isa = PBXBuildFile; fileRef = 3FDC891D2835068600A68C67 /* DesignComponents.framework */; };
		3FDC89342835068700A68C67 /* DesignComponents.framework in Embed Frameworks */ = {isa = PBXBuildFile; fileRef = 3FDC891D2835068600A68C67 /* DesignComponents.framework */; settings = {ATTRIBUTES = (CodeSignOnCopy, RemoveHeadersOnCopy, ); }; };
		3FDC893C283506CF00A68C67 /* DesignCore.framework in Frameworks */ = {isa = PBXBuildFile; fileRef = 3F7C1FA02834A47300D136BE /* DesignCore.framework */; };
		3FDC893D283506CF00A68C67 /* DesignCore.framework in Embed Frameworks */ = {isa = PBXBuildFile; fileRef = 3F7C1FA02834A47300D136BE /* DesignCore.framework */; settings = {ATTRIBUTES = (CodeSignOnCopy, RemoveHeadersOnCopy, ); }; };
		3FDC89412835071000A68C67 /* DesignCore.framework in Frameworks */ = {isa = PBXBuildFile; fileRef = 3F7C1FA02834A47300D136BE /* DesignCore.framework */; };
		3FDC89422835071000A68C67 /* DesignCore.framework in Embed Frameworks */ = {isa = PBXBuildFile; fileRef = 3F7C1FA02834A47300D136BE /* DesignCore.framework */; settings = {ATTRIBUTES = (CodeSignOnCopy, RemoveHeadersOnCopy, ); }; };
		3FEACB622857438600B32AF0 /* CommonAttributedString.swift in Sources */ = {isa = PBXBuildFile; fileRef = 3FEACB612857438600B32AF0 /* CommonAttributedString.swift */; };
		3FF75153283CFE2800C241A6 /* CALayer+.swift in Sources */ = {isa = PBXBuildFile; fileRef = 3FF75152283CFE2800C241A6 /* CALayer+.swift */; };
/* End PBXBuildFile section */

/* Begin PBXContainerItemProxy section */
		3F26FC022835FC69003EF65C /* PBXContainerItemProxy */ = {
			isa = PBXContainerItemProxy;
			containerPortal = 3F7C1F972834A47300D136BE /* Project object */;
			proxyType = 1;
			remoteGlobalIDString = 3F26FBF62835FC69003EF65C;
			remoteInfo = Design;
		};
		3F26FC042835FC69003EF65C /* PBXContainerItemProxy */ = {
			isa = PBXContainerItemProxy;
			containerPortal = 3F7C1F972834A47300D136BE /* Project object */;
			proxyType = 1;
			remoteGlobalIDString = 3FDC88F9283505FE00A68C67;
			remoteInfo = Catalog;
		};
		3F26FC0A2835FC69003EF65C /* PBXContainerItemProxy */ = {
			isa = PBXContainerItemProxy;
			containerPortal = 3F7C1F972834A47300D136BE /* Project object */;
			proxyType = 1;
			remoteGlobalIDString = 3F26FBF62835FC69003EF65C;
			remoteInfo = Design;
		};
		3F26FC1F2835FD0E003EF65C /* PBXContainerItemProxy */ = {
			isa = PBXContainerItemProxy;
			containerPortal = 3F7C1F972834A47300D136BE /* Project object */;
			proxyType = 1;
			remoteGlobalIDString = 3F26FBF62835FC69003EF65C;
			remoteInfo = Design;
		};
		3F26FC232835FD13003EF65C /* PBXContainerItemProxy */ = {
			isa = PBXContainerItemProxy;
			containerPortal = 3F7C1F972834A47300D136BE /* Project object */;
			proxyType = 1;
			remoteGlobalIDString = 3F7C1F9F2834A47300D136BE;
			remoteInfo = Core;
		};
		3F7C1FAC2834A47400D136BE /* PBXContainerItemProxy */ = {
			isa = PBXContainerItemProxy;
			containerPortal = 3F7C1F972834A47300D136BE /* Project object */;
			proxyType = 1;
			remoteGlobalIDString = 3F7C1F9F2834A47300D136BE;
			remoteInfo = ComponentSystem;
		};
		3FA874AA2838BC3A00699F51 /* PBXContainerItemProxy */ = {
			isa = PBXContainerItemProxy;
			containerPortal = 3F7C1F972834A47300D136BE /* Project object */;
			proxyType = 1;
			remoteGlobalIDString = 3FA8749E2838BC3900699F51;
			remoteInfo = RxComponents;
		};
		3FA874AC2838BC3A00699F51 /* PBXContainerItemProxy */ = {
			isa = PBXContainerItemProxy;
			containerPortal = 3F7C1F972834A47300D136BE /* Project object */;
			proxyType = 1;
			remoteGlobalIDString = 3FDC88F9283505FE00A68C67;
			remoteInfo = Catalog;
		};
		3FA874B22838BC3A00699F51 /* PBXContainerItemProxy */ = {
			isa = PBXContainerItemProxy;
			containerPortal = 3F7C1F972834A47300D136BE /* Project object */;
			proxyType = 1;
			remoteGlobalIDString = 3FA8749E2838BC3900699F51;
			remoteInfo = RxComponents;
		};
		3FA874C32838BF1700699F51 /* PBXContainerItemProxy */ = {
			isa = PBXContainerItemProxy;
			containerPortal = 3F7C1F972834A47300D136BE /* Project object */;
			proxyType = 1;
			remoteGlobalIDString = 3FDC891C2835068600A68C67;
			remoteInfo = Components;
		};
		3FDC89282835068700A68C67 /* PBXContainerItemProxy */ = {
			isa = PBXContainerItemProxy;
			containerPortal = 3F7C1F972834A47300D136BE /* Project object */;
			proxyType = 1;
			remoteGlobalIDString = 3FDC891C2835068600A68C67;
			remoteInfo = Components;
		};
		3FDC892A2835068700A68C67 /* PBXContainerItemProxy */ = {
			isa = PBXContainerItemProxy;
			containerPortal = 3F7C1F972834A47300D136BE /* Project object */;
			proxyType = 1;
			remoteGlobalIDString = 3FDC88F9283505FE00A68C67;
			remoteInfo = Catalog;
		};
		3FDC89302835068700A68C67 /* PBXContainerItemProxy */ = {
			isa = PBXContainerItemProxy;
			containerPortal = 3F7C1F972834A47300D136BE /* Project object */;
			proxyType = 1;
			remoteGlobalIDString = 3FDC891C2835068600A68C67;
			remoteInfo = Components;
		};
		3FDC893E283506CF00A68C67 /* PBXContainerItemProxy */ = {
			isa = PBXContainerItemProxy;
			containerPortal = 3F7C1F972834A47300D136BE /* Project object */;
			proxyType = 1;
			remoteGlobalIDString = 3F7C1F9F2834A47300D136BE;
			remoteInfo = Core;
		};
		3FDC89432835071000A68C67 /* PBXContainerItemProxy */ = {
			isa = PBXContainerItemProxy;
			containerPortal = 3F7C1F972834A47300D136BE /* Project object */;
			proxyType = 1;
			remoteGlobalIDString = 3F7C1F9F2834A47300D136BE;
			remoteInfo = Core;
		};
/* End PBXContainerItemProxy section */

/* Begin PBXCopyFilesBuildPhase section */
		3F26FC252835FD13003EF65C /* Embed Frameworks */ = {
			isa = PBXCopyFilesBuildPhase;
			buildActionMask = 2147483647;
			dstPath = "";
			dstSubfolderSpec = 10;
			files = (
				3F26FC222835FD13003EF65C /* DesignCore.framework in Embed Frameworks */,
			);
			name = "Embed Frameworks";
			runOnlyForDeploymentPostprocessing = 0;
		};
		3FA874C52838BF1800699F51 /* Embed Frameworks */ = {
			isa = PBXCopyFilesBuildPhase;
			buildActionMask = 2147483647;
			dstPath = "";
			dstSubfolderSpec = 10;
			files = (
				3FA874C22838BF1700699F51 /* DesignComponents.framework in Embed Frameworks */,
			);
			name = "Embed Frameworks";
			runOnlyForDeploymentPostprocessing = 0;
		};
		3FDC89332835068700A68C67 /* Embed Frameworks */ = {
			isa = PBXCopyFilesBuildPhase;
			buildActionMask = 2147483647;
			dstPath = "";
			dstSubfolderSpec = 10;
			files = (
				3FDC89342835068700A68C67 /* DesignComponents.framework in Embed Frameworks */,
				3FDC893D283506CF00A68C67 /* DesignCore.framework in Embed Frameworks */,
				3FA874B52838BC3A00699F51 /* DesignRx.framework in Embed Frameworks */,
				3F26FC0D2835FC69003EF65C /* DesignToolbox.framework in Embed Frameworks */,
			);
			name = "Embed Frameworks";
			runOnlyForDeploymentPostprocessing = 0;
		};
		3FDC89452835071100A68C67 /* Embed Frameworks */ = {
			isa = PBXCopyFilesBuildPhase;
			buildActionMask = 2147483647;
			dstPath = "";
			dstSubfolderSpec = 10;
			files = (
				3F26FC1E2835FD0E003EF65C /* DesignToolbox.framework in Embed Frameworks */,
				3FDC89422835071000A68C67 /* DesignCore.framework in Embed Frameworks */,
			);
			name = "Embed Frameworks";
			runOnlyForDeploymentPostprocessing = 0;
		};
/* End PBXCopyFilesBuildPhase section */

/* Begin PBXFileReference section */
		3F132721287D7CDC0043625F /* CommonStatusView.swift */ = {isa = PBXFileReference; lastKnownFileType = sourcecode.swift; path = CommonStatusView.swift; sourceTree = "<group>"; };
		3F132724287DE7840043625F /* Logger.framework */ = {isa = PBXFileReference; explicitFileType = wrapper.framework; path = Logger.framework; sourceTree = BUILT_PRODUCTS_DIR; };
		3F132729287DE7F20043625F /* Logger.framework */ = {isa = PBXFileReference; explicitFileType = wrapper.framework; path = Logger.framework; sourceTree = BUILT_PRODUCTS_DIR; };
		3F1E06EA284627CE00659F71 /* UIButton+.swift */ = {isa = PBXFileReference; lastKnownFileType = sourcecode.swift; path = "UIButton+.swift"; sourceTree = "<group>"; };
		3F252FC1283B7BED00D927E9 /* ViewController+.swift */ = {isa = PBXFileReference; lastKnownFileType = sourcecode.swift; path = "ViewController+.swift"; sourceTree = "<group>"; };
		3F26FBF72835FC69003EF65C /* DesignToolbox.framework */ = {isa = PBXFileReference; explicitFileType = wrapper.framework; includeInIndex = 0; path = DesignToolbox.framework; sourceTree = BUILT_PRODUCTS_DIR; };
		3F26FBFA2835FC69003EF65C /* Design.docc */ = {isa = PBXFileReference; lastKnownFileType = folder.documentationcatalog; path = Design.docc; sourceTree = "<group>"; };
		3F26FC002835FC69003EF65C /* DesignTests.xctest */ = {isa = PBXFileReference; explicitFileType = wrapper.cfbundle; includeInIndex = 0; path = DesignTests.xctest; sourceTree = BUILT_PRODUCTS_DIR; };
		3F26FC072835FC69003EF65C /* DesignTests.swift */ = {isa = PBXFileReference; lastKnownFileType = sourcecode.swift; path = DesignTests.swift; sourceTree = "<group>"; };
		3F26FC1A2835FC9D003EF65C /* ComponentSystem.swift */ = {isa = PBXFileReference; lastKnownFileType = sourcecode.swift; path = ComponentSystem.swift; sourceTree = "<group>"; };
		3F26FC262836316F003EF65C /* ComponentCell.swift */ = {isa = PBXFileReference; lastKnownFileType = sourcecode.swift; path = ComponentCell.swift; sourceTree = "<group>"; };
		3F655B16286CAE8000FC2531 /* Package.swift */ = {isa = PBXFileReference; lastKnownFileType = sourcecode.swift; path = Package.swift; sourceTree = "<group>"; };
		3F77A38F2955BD9C008DAC67 /* FontSystem.swift */ = {isa = PBXFileReference; fileEncoding = 4; lastKnownFileType = sourcecode.swift; path = FontSystem.swift; sourceTree = "<group>"; };
		3F77A3902955BD9C008DAC67 /* ColorLoader.swift */ = {isa = PBXFileReference; fileEncoding = 4; lastKnownFileType = sourcecode.swift; path = ColorLoader.swift; sourceTree = "<group>"; };
		3F77A3912955BD9C008DAC67 /* Theme.swift */ = {isa = PBXFileReference; fileEncoding = 4; lastKnownFileType = sourcecode.swift; path = Theme.swift; sourceTree = "<group>"; };
		3F77A3922955BD9C008DAC67 /* ThemeProvider.swift */ = {isa = PBXFileReference; fileEncoding = 4; lastKnownFileType = sourcecode.swift; path = ThemeProvider.swift; sourceTree = "<group>"; };
		3F7C1FA02834A47300D136BE /* DesignCore.framework */ = {isa = PBXFileReference; explicitFileType = wrapper.framework; includeInIndex = 0; path = DesignCore.framework; sourceTree = BUILT_PRODUCTS_DIR; };
		3F7C1FA42834A47300D136BE /* Core.docc */ = {isa = PBXFileReference; lastKnownFileType = folder.documentationcatalog; path = Core.docc; sourceTree = "<group>"; };
		3F7C1FAA2834A47400D136BE /* CoreTests.xctest */ = {isa = PBXFileReference; explicitFileType = wrapper.cfbundle; includeInIndex = 0; path = CoreTests.xctest; sourceTree = BUILT_PRODUCTS_DIR; };
		3F7C1FAF2834A47400D136BE /* ComponentSystemTests.swift */ = {isa = PBXFileReference; lastKnownFileType = sourcecode.swift; path = ComponentSystemTests.swift; sourceTree = "<group>"; };
		3F7C1FBD2834A58A00D136BE /* CommonProtocols.swift */ = {isa = PBXFileReference; fileEncoding = 4; lastKnownFileType = sourcecode.swift; path = CommonProtocols.swift; sourceTree = "<group>"; };
		3F7C1FBE2834A58A00D136BE /* TextFieldDelegateProxy.swift */ = {isa = PBXFileReference; fileEncoding = 4; lastKnownFileType = sourcecode.swift; path = TextFieldDelegateProxy.swift; sourceTree = "<group>"; };
		3F7C1FC72834BD2200D136BE /* Validator.swift */ = {isa = PBXFileReference; lastKnownFileType = sourcecode.swift; path = Validator.swift; sourceTree = "<group>"; };
		3F95F4492840D41F001BA153 /* UIImage+.swift */ = {isa = PBXFileReference; lastKnownFileType = sourcecode.swift; path = "UIImage+.swift"; sourceTree = "<group>"; };
		3FA8749F2838BC3900699F51 /* DesignRx.framework */ = {isa = PBXFileReference; explicitFileType = wrapper.framework; includeInIndex = 0; path = DesignRx.framework; sourceTree = BUILT_PRODUCTS_DIR; };
		3FA874A22838BC3A00699F51 /* RxComponents.docc */ = {isa = PBXFileReference; lastKnownFileType = folder.documentationcatalog; path = RxComponents.docc; sourceTree = "<group>"; };
		3FA874A82838BC3A00699F51 /* RxComponentsTests.xctest */ = {isa = PBXFileReference; explicitFileType = wrapper.cfbundle; includeInIndex = 0; path = RxComponentsTests.xctest; sourceTree = BUILT_PRODUCTS_DIR; };
		3FA874AF2838BC3A00699F51 /* RxComponentsTests.swift */ = {isa = PBXFileReference; lastKnownFileType = sourcecode.swift; path = RxComponentsTests.swift; sourceTree = "<group>"; };
		3FA874BC2838BC9300699F51 /* CommonTableView+Rx.swift */ = {isa = PBXFileReference; lastKnownFileType = sourcecode.swift; path = "CommonTableView+Rx.swift"; sourceTree = "<group>"; };
		3FA874C82838C41D00699F51 /* KeyboardDemo.swift */ = {isa = PBXFileReference; lastKnownFileType = sourcecode.swift; path = KeyboardDemo.swift; sourceTree = "<group>"; };
		3FC2F16A2876D4D8005CDF9D /* NSLayoutConstraint+.swift */ = {isa = PBXFileReference; fileEncoding = 4; lastKnownFileType = sourcecode.swift; path = "NSLayoutConstraint+.swift"; sourceTree = "<group>"; };
		3FC2F16B2876D4D8005CDF9D /* UITableView+.swift */ = {isa = PBXFileReference; fileEncoding = 4; lastKnownFileType = sourcecode.swift; path = "UITableView+.swift"; sourceTree = "<group>"; };
		3FC2F16D2876D4D8005CDF9D /* CommonCell.swift */ = {isa = PBXFileReference; fileEncoding = 4; lastKnownFileType = sourcecode.swift; path = CommonCell.swift; sourceTree = "<group>"; };
		3FC2F16E2876D4D8005CDF9D /* CommonTableView.swift */ = {isa = PBXFileReference; fileEncoding = 4; lastKnownFileType = sourcecode.swift; path = CommonTableView.swift; sourceTree = "<group>"; };
		3FC2F16F2876D4D8005CDF9D /* CommonHeader.swift */ = {isa = PBXFileReference; fileEncoding = 4; lastKnownFileType = sourcecode.swift; path = CommonHeader.swift; sourceTree = "<group>"; };
		3FC2F1702876D4D8005CDF9D /* CommonTableViewProtocol.swift */ = {isa = PBXFileReference; fileEncoding = 4; lastKnownFileType = sourcecode.swift; path = CommonTableViewProtocol.swift; sourceTree = "<group>"; };
		3FC2F1722876D4D8005CDF9D /* CommonTextField.swift */ = {isa = PBXFileReference; fileEncoding = 4; lastKnownFileType = sourcecode.swift; path = CommonTextField.swift; sourceTree = "<group>"; };
		3FC2F1742876D4D8005CDF9D /* KeyboardConfiguration.swift */ = {isa = PBXFileReference; fileEncoding = 4; lastKnownFileType = sourcecode.swift; path = KeyboardConfiguration.swift; sourceTree = "<group>"; };
		3FC2F1752876D4D8005CDF9D /* KeyboardProtocol.swift */ = {isa = PBXFileReference; fileEncoding = 4; lastKnownFileType = sourcecode.swift; path = KeyboardProtocol.swift; sourceTree = "<group>"; };
		3FC2F1762876D4D8005CDF9D /* KeyboardComponents.swift */ = {isa = PBXFileReference; fileEncoding = 4; lastKnownFileType = sourcecode.swift; path = KeyboardComponents.swift; sourceTree = "<group>"; };
		3FC2F1772876D4D8005CDF9D /* Keyboard.swift */ = {isa = PBXFileReference; fileEncoding = 4; lastKnownFileType = sourcecode.swift; path = Keyboard.swift; sourceTree = "<group>"; };
		3FC2F1832876D547005CDF9D /* DesignToolbox.podspec */ = {isa = PBXFileReference; fileEncoding = 4; lastKnownFileType = text; path = DesignToolbox.podspec; sourceTree = "<group>"; };
		3FC2F1842876D547005CDF9D /* DesignComponents.podspec */ = {isa = PBXFileReference; fileEncoding = 4; lastKnownFileType = text; path = DesignComponents.podspec; sourceTree = "<group>"; xcLanguageSpecificationIdentifier = xcode.lang.ruby; };
		3FC2F1852876D547005CDF9D /* DesignCore.podspec */ = {isa = PBXFileReference; fileEncoding = 4; lastKnownFileType = text; path = DesignCore.podspec; sourceTree = "<group>"; };
		3FC2F1862876D547005CDF9D /* DesignRx.podspec */ = {isa = PBXFileReference; fileEncoding = 4; lastKnownFileType = text; path = DesignRx.podspec; sourceTree = "<group>"; };
		3FD34BD0283E27F8005B0B94 /* CommonTextFieldDemo.swift */ = {isa = PBXFileReference; lastKnownFileType = sourcecode.swift; path = CommonTextFieldDemo.swift; sourceTree = "<group>"; };
		3FDC88FA283505FE00A68C67 /* Catalog.app */ = {isa = PBXFileReference; explicitFileType = wrapper.application; includeInIndex = 0; path = Catalog.app; sourceTree = BUILT_PRODUCTS_DIR; };
		3FDC8903283505FF00A68C67 /* Base */ = {isa = PBXFileReference; lastKnownFileType = file.storyboard; name = Base; path = Base.lproj/Main.storyboard; sourceTree = "<group>"; };
		3FDC89052835060100A68C67 /* Assets.xcassets */ = {isa = PBXFileReference; lastKnownFileType = folder.assetcatalog; path = Assets.xcassets; sourceTree = "<group>"; };
		3FDC89082835060100A68C67 /* Base */ = {isa = PBXFileReference; lastKnownFileType = file.storyboard; name = Base; path = Base.lproj/LaunchScreen.storyboard; sourceTree = "<group>"; };
		3FDC890A2835060100A68C67 /* Info.plist */ = {isa = PBXFileReference; lastKnownFileType = text.plist.xml; path = Info.plist; sourceTree = "<group>"; };
		3FDC890E2835063700A68C67 /* ViewController.swift */ = {isa = PBXFileReference; fileEncoding = 4; lastKnownFileType = sourcecode.swift; path = ViewController.swift; sourceTree = "<group>"; };
		3FDC890F2835063700A68C67 /* AppDelegate.swift */ = {isa = PBXFileReference; fileEncoding = 4; lastKnownFileType = sourcecode.swift; path = AppDelegate.swift; sourceTree = "<group>"; };
		3FDC891D2835068600A68C67 /* DesignComponents.framework */ = {isa = PBXFileReference; explicitFileType = wrapper.framework; includeInIndex = 0; path = DesignComponents.framework; sourceTree = BUILT_PRODUCTS_DIR; };
		3FDC89202835068600A68C67 /* Components.docc */ = {isa = PBXFileReference; lastKnownFileType = folder.documentationcatalog; path = Components.docc; sourceTree = "<group>"; };
		3FDC89262835068700A68C67 /* ComponentsTests.xctest */ = {isa = PBXFileReference; explicitFileType = wrapper.cfbundle; includeInIndex = 0; path = ComponentsTests.xctest; sourceTree = BUILT_PRODUCTS_DIR; };
		3FDC892D2835068700A68C67 /* ComponentsTests.swift */ = {isa = PBXFileReference; lastKnownFileType = sourcecode.swift; path = ComponentsTests.swift; sourceTree = "<group>"; };
		3FDC895228354D3700A68C67 /* UIColor+.swift */ = {isa = PBXFileReference; lastKnownFileType = sourcecode.swift; path = "UIColor+.swift"; sourceTree = "<group>"; };
		3FEACB612857438600B32AF0 /* CommonAttributedString.swift */ = {isa = PBXFileReference; lastKnownFileType = sourcecode.swift; path = CommonAttributedString.swift; sourceTree = "<group>"; };
		3FF75152283CFE2800C241A6 /* CALayer+.swift */ = {isa = PBXFileReference; lastKnownFileType = sourcecode.swift; path = "CALayer+.swift"; sourceTree = "<group>"; };
/* End PBXFileReference section */

/* Begin PBXFrameworksBuildPhase section */
		3F26FBF42835FC69003EF65C /* Frameworks */ = {
			isa = PBXFrameworksBuildPhase;
			buildActionMask = 2147483647;
			files = (
				3F26FC212835FD13003EF65C /* DesignCore.framework in Frameworks */,
			);
			runOnlyForDeploymentPostprocessing = 0;
		};
		3F26FBFD2835FC69003EF65C /* Frameworks */ = {
			isa = PBXFrameworksBuildPhase;
			buildActionMask = 2147483647;
			files = (
				3F26FC012835FC69003EF65C /* DesignToolbox.framework in Frameworks */,
			);
			runOnlyForDeploymentPostprocessing = 0;
		};
		3F7C1F9D2834A47300D136BE /* Frameworks */ = {
			isa = PBXFrameworksBuildPhase;
			buildActionMask = 2147483647;
			files = (
				3F282374283F6BFD00B8F5FE /* Nuke in Frameworks */,
			);
			runOnlyForDeploymentPostprocessing = 0;
		};
		3F7C1FA72834A47400D136BE /* Frameworks */ = {
			isa = PBXFrameworksBuildPhase;
			buildActionMask = 2147483647;
			files = (
				3F7C1FAB2834A47400D136BE /* DesignCore.framework in Frameworks */,
			);
			runOnlyForDeploymentPostprocessing = 0;
		};
		3FA8749C2838BC3900699F51 /* Frameworks */ = {
			isa = PBXFrameworksBuildPhase;
			buildActionMask = 2147483647;
			files = (
				3FA874C12838BF1700699F51 /* DesignComponents.framework in Frameworks */,
				3FA874C02838BEA900699F51 /* RxCocoa in Frameworks */,
			);
			runOnlyForDeploymentPostprocessing = 0;
		};
		3FA874A52838BC3A00699F51 /* Frameworks */ = {
			isa = PBXFrameworksBuildPhase;
			buildActionMask = 2147483647;
			files = (
				3FA874A92838BC3A00699F51 /* DesignRx.framework in Frameworks */,
			);
			runOnlyForDeploymentPostprocessing = 0;
		};
		3FDC88F7283505FE00A68C67 /* Frameworks */ = {
			isa = PBXFrameworksBuildPhase;
			buildActionMask = 2147483647;
			files = (
				3FDC89322835068700A68C67 /* DesignComponents.framework in Frameworks */,
				3FDC893C283506CF00A68C67 /* DesignCore.framework in Frameworks */,
				3FA874B42838BC3A00699F51 /* DesignRx.framework in Frameworks */,
				3F26FC0C2835FC69003EF65C /* DesignToolbox.framework in Frameworks */,
				3FA874CC2838C4FD00699F51 /* SnapKit in Frameworks */,
			);
			runOnlyForDeploymentPostprocessing = 0;
		};
		3FDC891A2835068600A68C67 /* Frameworks */ = {
			isa = PBXFrameworksBuildPhase;
			buildActionMask = 2147483647;
			files = (
				3F26FC1D2835FD0D003EF65C /* DesignToolbox.framework in Frameworks */,
				3FDC89412835071000A68C67 /* DesignCore.framework in Frameworks */,
			);
			runOnlyForDeploymentPostprocessing = 0;
		};
		3FDC89232835068700A68C67 /* Frameworks */ = {
			isa = PBXFrameworksBuildPhase;
			buildActionMask = 2147483647;
			files = (
				3FDC89272835068700A68C67 /* DesignComponents.framework in Frameworks */,
			);
			runOnlyForDeploymentPostprocessing = 0;
		};
/* End PBXFrameworksBuildPhase section */

/* Begin PBXGroup section */
		3F1E06ED2846284D00659F71 /* Exts */ = {
			isa = PBXGroup;
			children = (
				3F1E06EA284627CE00659F71 /* UIButton+.swift */,
			);
			path = Exts;
			sourceTree = "<group>";
		};
		3F252FBF283B7B8900D927E9 /* Packages */ = {
			isa = PBXGroup;
			children = (
			);
			name = Packages;
			sourceTree = "<group>";
		};
		3F26FC062835FC69003EF65C /* DesignTests */ = {
			isa = PBXGroup;
			children = (
				3F26FC072835FC69003EF65C /* DesignTests.swift */,
			);
			path = DesignTests;
			sourceTree = "<group>";
		};
		3F26FC182835FC84003EF65C /* Exts */ = {
			isa = PBXGroup;
			children = (
				3FDC895228354D3700A68C67 /* UIColor+.swift */,
				3FF75152283CFE2800C241A6 /* CALayer+.swift */,
				3F95F4492840D41F001BA153 /* UIImage+.swift */,
			);
			path = Exts;
			sourceTree = "<group>";
		};
		3F26FC1C2835FCCE003EF65C /* Documents */ = {
			isa = PBXGroup;
			children = (
				3F7C1FA42834A47300D136BE /* Core.docc */,
				3F26FBFA2835FC69003EF65C /* Design.docc */,
				3FDC89202835068600A68C67 /* Components.docc */,
				3FA874A22838BC3A00699F51 /* RxComponents.docc */,
			);
			path = Documents;
			sourceTree = "<group>";
		};
		3F655B15286CAB7B00FC2531 /* Deployment */ = {
			isa = PBXGroup;
			children = (
				3FC2F1852876D547005CDF9D /* DesignCore.podspec */,
				3FC2F1832876D547005CDF9D /* DesignToolbox.podspec */,
				3FC2F1842876D547005CDF9D /* DesignComponents.podspec */,
				3FC2F1862876D547005CDF9D /* DesignRx.podspec */,
				3F655B16286CAE8000FC2531 /* Package.swift */,
			);
			name = Deployment;
			sourceTree = "<group>";
		};
		3F77A38E2955BD9C008DAC67 /* Theme */ = {
			isa = PBXGroup;
			children = (
				3F77A38F2955BD9C008DAC67 /* FontSystem.swift */,
				3F77A3902955BD9C008DAC67 /* ColorLoader.swift */,
				3F77A3912955BD9C008DAC67 /* Theme.swift */,
				3F77A3922955BD9C008DAC67 /* ThemeProvider.swift */,
			);
			path = Theme;
			sourceTree = "<group>";
		};
		3F7C1F962834A47300D136BE = {
			isa = PBXGroup;
			children = (
				3F655B15286CAB7B00FC2531 /* Deployment */,
				3F252FBF283B7B8900D927E9 /* Packages */,
				3FDC88FB283505FF00A68C67 /* Catalog */,
				3F7C1FA22834A47300D136BE /* Sources */,
				3F7C1FAE2834A47400D136BE /* ComponentSystemTests */,
				3FDC892C2835068700A68C67 /* ComponentsTests */,
				3F26FC062835FC69003EF65C /* DesignTests */,
				3FA874AE2838BC3A00699F51 /* RxComponentsTests */,
				3F7C1FA12834A47300D136BE /* Products */,
				3FDC893B283506CF00A68C67 /* Frameworks */,
			);
			sourceTree = "<group>";
		};
		3F7C1FA12834A47300D136BE /* Products */ = {
			isa = PBXGroup;
			children = (
				3F7C1FA02834A47300D136BE /* DesignCore.framework */,
				3F7C1FAA2834A47400D136BE /* CoreTests.xctest */,
				3FDC88FA283505FE00A68C67 /* Catalog.app */,
				3FDC891D2835068600A68C67 /* DesignComponents.framework */,
				3FDC89262835068700A68C67 /* ComponentsTests.xctest */,
				3F26FBF72835FC69003EF65C /* DesignToolbox.framework */,
				3F26FC002835FC69003EF65C /* DesignTests.xctest */,
				3FA8749F2838BC3900699F51 /* DesignRx.framework */,
				3FA874A82838BC3A00699F51 /* RxComponentsTests.xctest */,
			);
			name = Products;
			sourceTree = "<group>";
		};
		3F7C1FA22834A47300D136BE /* Sources */ = {
			isa = PBXGroup;
			children = (
				3FC2F1682876D4D8005CDF9D /* Components */,
				3F26FC1C2835FCCE003EF65C /* Documents */,
				3F7C1FBC2834A58A00D136BE /* Core */,
				3FDC895128354BEE00A68C67 /* Design */,
				3FA874A02838BC3A00699F51 /* RxComponents */,
			);
			path = Sources;
			sourceTree = "<group>";
		};
		3F7C1FAE2834A47400D136BE /* ComponentSystemTests */ = {
			isa = PBXGroup;
			children = (
				3F7C1FAF2834A47400D136BE /* ComponentSystemTests.swift */,
			);
			path = ComponentSystemTests;
			sourceTree = "<group>";
		};
		3F7C1FBC2834A58A00D136BE /* Core */ = {
			isa = PBXGroup;
			children = (
				3FEACB612857438600B32AF0 /* CommonAttributedString.swift */,
				3F26FC1A2835FC9D003EF65C /* ComponentSystem.swift */,
				3F7C1FBD2834A58A00D136BE /* CommonProtocols.swift */,
				3F7C1FBE2834A58A00D136BE /* TextFieldDelegateProxy.swift */,
				3F7C1FC72834BD2200D136BE /* Validator.swift */,
				3F1E06ED2846284D00659F71 /* Exts */,
			);
			path = Core;
			sourceTree = "<group>";
		};
		3FA874A02838BC3A00699F51 /* RxComponents */ = {
			isa = PBXGroup;
			children = (
				3FA874BC2838BC9300699F51 /* CommonTableView+Rx.swift */,
			);
			path = RxComponents;
			sourceTree = "<group>";
		};
		3FA874AE2838BC3A00699F51 /* RxComponentsTests */ = {
			isa = PBXGroup;
			children = (
				3FA874AF2838BC3A00699F51 /* RxComponentsTests.swift */,
			);
			path = RxComponentsTests;
			sourceTree = "<group>";
		};
		3FA874C72838C3F500699F51 /* Helper */ = {
			isa = PBXGroup;
			children = (
				3FDC890E2835063700A68C67 /* ViewController.swift */,
				3F252FC1283B7BED00D927E9 /* ViewController+.swift */,
				3F26FC262836316F003EF65C /* ComponentCell.swift */,
			);
			path = Helper;
			sourceTree = "<group>";
		};
		3FC2F1682876D4D8005CDF9D /* Components */ = {
			isa = PBXGroup;
			children = (
				3FC2F1692876D4D8005CDF9D /* Exts */,
				3FC2F16C2876D4D8005CDF9D /* TableView */,
				3FC2F1712876D4D8005CDF9D /* CommonTextField */,
				3FC2F1732876D4D8005CDF9D /* Keyboard */,
				3F132721287D7CDC0043625F /* CommonStatusView.swift */,
			);
			path = Components;
			sourceTree = "<group>";
		};
		3FC2F1692876D4D8005CDF9D /* Exts */ = {
			isa = PBXGroup;
			children = (
				3FC2F16A2876D4D8005CDF9D /* NSLayoutConstraint+.swift */,
				3FC2F16B2876D4D8005CDF9D /* UITableView+.swift */,
			);
			path = Exts;
			sourceTree = "<group>";
		};
		3FC2F16C2876D4D8005CDF9D /* TableView */ = {
			isa = PBXGroup;
			children = (
				3FC2F16D2876D4D8005CDF9D /* CommonCell.swift */,
				3FC2F16E2876D4D8005CDF9D /* CommonTableView.swift */,
				3FC2F16F2876D4D8005CDF9D /* CommonHeader.swift */,
				3FC2F1702876D4D8005CDF9D /* CommonTableViewProtocol.swift */,
			);
			path = TableView;
			sourceTree = "<group>";
		};
		3FC2F1712876D4D8005CDF9D /* CommonTextField */ = {
			isa = PBXGroup;
			children = (
				3FC2F1722876D4D8005CDF9D /* CommonTextField.swift */,
			);
			path = CommonTextField;
			sourceTree = "<group>";
		};
		3FC2F1732876D4D8005CDF9D /* Keyboard */ = {
			isa = PBXGroup;
			children = (
				3FC2F1742876D4D8005CDF9D /* KeyboardConfiguration.swift */,
				3FC2F1752876D4D8005CDF9D /* KeyboardProtocol.swift */,
				3FC2F1762876D4D8005CDF9D /* KeyboardComponents.swift */,
				3FC2F1772876D4D8005CDF9D /* Keyboard.swift */,
			);
			path = Keyboard;
			sourceTree = "<group>";
		};
		3FDC88FB283505FF00A68C67 /* Catalog */ = {
			isa = PBXGroup;
			children = (
				3FDC890F2835063700A68C67 /* AppDelegate.swift */,
				3FA874C72838C3F500699F51 /* Helper */,
				3FF43A37283B9EF000868DCD /* Features */,
				3FDC8902283505FF00A68C67 /* Main.storyboard */,
				3FDC89052835060100A68C67 /* Assets.xcassets */,
				3FDC89072835060100A68C67 /* LaunchScreen.storyboard */,
				3FDC890A2835060100A68C67 /* Info.plist */,
			);
			path = Catalog;
			sourceTree = "<group>";
		};
		3FDC892C2835068700A68C67 /* ComponentsTests */ = {
			isa = PBXGroup;
			children = (
				3FDC892D2835068700A68C67 /* ComponentsTests.swift */,
			);
			path = ComponentsTests;
			sourceTree = "<group>";
		};
		3FDC893B283506CF00A68C67 /* Frameworks */ = {
			isa = PBXGroup;
			children = (
				3F132729287DE7F20043625F /* Logger.framework */,
				3F132724287DE7840043625F /* Logger.framework */,
			);
			name = Frameworks;
			sourceTree = "<group>";
		};
		3FDC895128354BEE00A68C67 /* Design */ = {
			isa = PBXGroup;
			children = (
				3F77A38E2955BD9C008DAC67 /* Theme */,
				3F26FC182835FC84003EF65C /* Exts */,
			);
			path = Design;
			sourceTree = "<group>";
		};
		3FF43A37283B9EF000868DCD /* Features */ = {
			isa = PBXGroup;
			children = (
				3FA874C82838C41D00699F51 /* KeyboardDemo.swift */,
				3FD34BD0283E27F8005B0B94 /* CommonTextFieldDemo.swift */,
			);
			path = Features;
			sourceTree = "<group>";
		};
/* End PBXGroup section */

/* Begin PBXHeadersBuildPhase section */
		3F26FBF22835FC69003EF65C /* Headers */ = {
			isa = PBXHeadersBuildPhase;
			buildActionMask = 2147483647;
			files = (
			);
			runOnlyForDeploymentPostprocessing = 0;
		};
		3F7C1F9B2834A47300D136BE /* Headers */ = {
			isa = PBXHeadersBuildPhase;
			buildActionMask = 2147483647;
			files = (
			);
			runOnlyForDeploymentPostprocessing = 0;
		};
		3FA8749A2838BC3900699F51 /* Headers */ = {
			isa = PBXHeadersBuildPhase;
			buildActionMask = 2147483647;
			files = (
			);
			runOnlyForDeploymentPostprocessing = 0;
		};
		3FDC89182835068600A68C67 /* Headers */ = {
			isa = PBXHeadersBuildPhase;
			buildActionMask = 2147483647;
			files = (
			);
			runOnlyForDeploymentPostprocessing = 0;
		};
/* End PBXHeadersBuildPhase section */

/* Begin PBXNativeTarget section */
		3F26FBF62835FC69003EF65C /* DesignToolbox */ = {
			isa = PBXNativeTarget;
			buildConfigurationList = 3F26FC0E2835FC69003EF65C /* Build configuration list for PBXNativeTarget "DesignToolbox" */;
			buildPhases = (
				3F282376283F89A100B8F5FE /* Swiftlint */,
				3F26FBF22835FC69003EF65C /* Headers */,
				3F26FBF32835FC69003EF65C /* Sources */,
				3F26FBF42835FC69003EF65C /* Frameworks */,
				3F26FBF52835FC69003EF65C /* Resources */,
				3F26FC252835FD13003EF65C /* Embed Frameworks */,
			);
			buildRules = (
			);
			dependencies = (
				3F26FC242835FD13003EF65C /* PBXTargetDependency */,
			);
			name = DesignToolbox;
			packageProductDependencies = (
			);
			productName = Design;
			productReference = 3F26FBF72835FC69003EF65C /* DesignToolbox.framework */;
			productType = "com.apple.product-type.framework";
		};
		3F26FBFF2835FC69003EF65C /* DesignTests */ = {
			isa = PBXNativeTarget;
			buildConfigurationList = 3F26FC112835FC69003EF65C /* Build configuration list for PBXNativeTarget "DesignTests" */;
			buildPhases = (
				3F26FBFC2835FC69003EF65C /* Sources */,
				3F26FBFD2835FC69003EF65C /* Frameworks */,
				3F26FBFE2835FC69003EF65C /* Resources */,
			);
			buildRules = (
			);
			dependencies = (
				3F26FC032835FC69003EF65C /* PBXTargetDependency */,
				3F26FC052835FC69003EF65C /* PBXTargetDependency */,
			);
			name = DesignTests;
			productName = DesignTests;
			productReference = 3F26FC002835FC69003EF65C /* DesignTests.xctest */;
			productType = "com.apple.product-type.bundle.unit-test";
		};
		3F7C1F9F2834A47300D136BE /* DesignCore */ = {
			isa = PBXNativeTarget;
			buildConfigurationList = 3F7C1FB42834A47400D136BE /* Build configuration list for PBXNativeTarget "DesignCore" */;
			buildPhases = (
				3F282375283F88F400B8F5FE /* Swiftlint */,
				3F7C1F9B2834A47300D136BE /* Headers */,
				3F7C1F9C2834A47300D136BE /* Sources */,
				3F7C1F9D2834A47300D136BE /* Frameworks */,
				3F7C1F9E2834A47300D136BE /* Resources */,
			);
			buildRules = (
			);
			dependencies = (
			);
			name = DesignCore;
			packageProductDependencies = (
				3F282373283F6BFD00B8F5FE /* Nuke */,
			);
			productName = ComponentSystem;
			productReference = 3F7C1FA02834A47300D136BE /* DesignCore.framework */;
			productType = "com.apple.product-type.framework";
		};
		3F7C1FA92834A47400D136BE /* CoreTests */ = {
			isa = PBXNativeTarget;
			buildConfigurationList = 3F7C1FB72834A47400D136BE /* Build configuration list for PBXNativeTarget "CoreTests" */;
			buildPhases = (
				3F7C1FA62834A47400D136BE /* Sources */,
				3F7C1FA72834A47400D136BE /* Frameworks */,
				3F7C1FA82834A47400D136BE /* Resources */,
			);
			buildRules = (
			);
			dependencies = (
				3F7C1FAD2834A47400D136BE /* PBXTargetDependency */,
			);
			name = CoreTests;
			productName = ComponentSystemTests;
			productReference = 3F7C1FAA2834A47400D136BE /* CoreTests.xctest */;
			productType = "com.apple.product-type.bundle.unit-test";
		};
		3FA8749E2838BC3900699F51 /* DesignRx */ = {
			isa = PBXNativeTarget;
			buildConfigurationList = 3FA874B62838BC3A00699F51 /* Build configuration list for PBXNativeTarget "DesignRx" */;
			buildPhases = (
				3F282378283F89D700B8F5FE /* Swiftlint */,
				3FA8749A2838BC3900699F51 /* Headers */,
				3FA8749B2838BC3900699F51 /* Sources */,
				3FA8749C2838BC3900699F51 /* Frameworks */,
				3FA8749D2838BC3900699F51 /* Resources */,
				3FA874C52838BF1800699F51 /* Embed Frameworks */,
			);
			buildRules = (
			);
			dependencies = (
				3FA874C42838BF1700699F51 /* PBXTargetDependency */,
			);
			name = DesignRx;
			packageProductDependencies = (
				3FA874BF2838BEA900699F51 /* RxCocoa */,
			);
			productName = RxComponents;
			productReference = 3FA8749F2838BC3900699F51 /* DesignRx.framework */;
			productType = "com.apple.product-type.framework";
		};
		3FA874A72838BC3A00699F51 /* RxComponentsTests */ = {
			isa = PBXNativeTarget;
			buildConfigurationList = 3FA874B92838BC3A00699F51 /* Build configuration list for PBXNativeTarget "RxComponentsTests" */;
			buildPhases = (
				3FA874A42838BC3A00699F51 /* Sources */,
				3FA874A52838BC3A00699F51 /* Frameworks */,
				3FA874A62838BC3A00699F51 /* Resources */,
			);
			buildRules = (
			);
			dependencies = (
				3FA874AB2838BC3A00699F51 /* PBXTargetDependency */,
				3FA874AD2838BC3A00699F51 /* PBXTargetDependency */,
			);
			name = RxComponentsTests;
			productName = RxComponentsTests;
			productReference = 3FA874A82838BC3A00699F51 /* RxComponentsTests.xctest */;
			productType = "com.apple.product-type.bundle.unit-test";
		};
		3FDC88F9283505FE00A68C67 /* Catalog */ = {
			isa = PBXNativeTarget;
			buildConfigurationList = 3FDC890D2835060100A68C67 /* Build configuration list for PBXNativeTarget "Catalog" */;
			buildPhases = (
				3FDC88F6283505FE00A68C67 /* Sources */,
				3FDC88F7283505FE00A68C67 /* Frameworks */,
				3FDC88F8283505FE00A68C67 /* Resources */,
				3FDC89332835068700A68C67 /* Embed Frameworks */,
			);
			buildRules = (
			);
			dependencies = (
				3FDC89312835068700A68C67 /* PBXTargetDependency */,
				3FDC893F283506CF00A68C67 /* PBXTargetDependency */,
				3F26FC0B2835FC69003EF65C /* PBXTargetDependency */,
				3FA874B32838BC3A00699F51 /* PBXTargetDependency */,
			);
			name = Catalog;
			packageProductDependencies = (
				3FA874CB2838C4FD00699F51 /* SnapKit */,
			);
			productName = Catalog;
			productReference = 3FDC88FA283505FE00A68C67 /* Catalog.app */;
			productType = "com.apple.product-type.application";
		};
		3FDC891C2835068600A68C67 /* DesignComponents */ = {
			isa = PBXNativeTarget;
			buildConfigurationList = 3FDC89352835068700A68C67 /* Build configuration list for PBXNativeTarget "DesignComponents" */;
			buildPhases = (
				3F282377283F89C500B8F5FE /* Swiftlint */,
				3FDC89182835068600A68C67 /* Headers */,
				3FDC89192835068600A68C67 /* Sources */,
				3FDC891A2835068600A68C67 /* Frameworks */,
				3FDC891B2835068600A68C67 /* Resources */,
				3FDC89452835071100A68C67 /* Embed Frameworks */,
			);
			buildRules = (
			);
			dependencies = (
				3FDC89442835071000A68C67 /* PBXTargetDependency */,
				3F26FC202835FD0E003EF65C /* PBXTargetDependency */,
			);
			name = DesignComponents;
			productName = Components;
			productReference = 3FDC891D2835068600A68C67 /* DesignComponents.framework */;
			productType = "com.apple.product-type.framework";
		};
		3FDC89252835068700A68C67 /* ComponentsTests */ = {
			isa = PBXNativeTarget;
			buildConfigurationList = 3FDC89382835068700A68C67 /* Build configuration list for PBXNativeTarget "ComponentsTests" */;
			buildPhases = (
				3FDC89222835068700A68C67 /* Sources */,
				3FDC89232835068700A68C67 /* Frameworks */,
				3FDC89242835068700A68C67 /* Resources */,
			);
			buildRules = (
			);
			dependencies = (
				3FDC89292835068700A68C67 /* PBXTargetDependency */,
				3FDC892B2835068700A68C67 /* PBXTargetDependency */,
			);
			name = ComponentsTests;
			productName = ComponentsTests;
			productReference = 3FDC89262835068700A68C67 /* ComponentsTests.xctest */;
			productType = "com.apple.product-type.bundle.unit-test";
		};
/* End PBXNativeTarget section */

/* Begin PBXProject section */
		3F7C1F972834A47300D136BE /* Project object */ = {
			isa = PBXProject;
			attributes = {
				BuildIndependentTargetsInParallel = 1;
				LastSwiftUpdateCheck = 1330;
				LastUpgradeCheck = 1330;
				TargetAttributes = {
					3F26FBF62835FC69003EF65C = {
						CreatedOnToolsVersion = 13.3.1;
					};
					3F26FBFF2835FC69003EF65C = {
						CreatedOnToolsVersion = 13.3.1;
						TestTargetID = 3FDC88F9283505FE00A68C67;
					};
					3F7C1F9F2834A47300D136BE = {
						CreatedOnToolsVersion = 13.3.1;
					};
					3F7C1FA92834A47400D136BE = {
						CreatedOnToolsVersion = 13.3.1;
					};
					3FA8749E2838BC3900699F51 = {
						CreatedOnToolsVersion = 13.3.1;
					};
					3FA874A72838BC3A00699F51 = {
						CreatedOnToolsVersion = 13.3.1;
						TestTargetID = 3FDC88F9283505FE00A68C67;
					};
					3FDC88F9283505FE00A68C67 = {
						CreatedOnToolsVersion = 13.3.1;
						LastSwiftMigration = 1330;
					};
					3FDC891C2835068600A68C67 = {
						CreatedOnToolsVersion = 13.3.1;
					};
					3FDC89252835068700A68C67 = {
						CreatedOnToolsVersion = 13.3.1;
						TestTargetID = 3FDC88F9283505FE00A68C67;
					};
				};
			};
			buildConfigurationList = 3F7C1F9A2834A47300D136BE /* Build configuration list for PBXProject "ComponentSystem" */;
			compatibilityVersion = "Xcode 13.0";
			developmentRegion = en;
			hasScannedForEncodings = 0;
			knownRegions = (
				en,
				Base,
			);
			mainGroup = 3F7C1F962834A47300D136BE;
			packageReferences = (
				3FA874BE2838BEA900699F51 /* XCRemoteSwiftPackageReference "RxSwift" */,
				3FA874CA2838C4FD00699F51 /* XCRemoteSwiftPackageReference "SnapKit" */,
				3F282372283F6BFD00B8F5FE /* XCRemoteSwiftPackageReference "Nuke" */,
			);
			productRefGroup = 3F7C1FA12834A47300D136BE /* Products */;
			projectDirPath = "";
			projectRoot = "";
			targets = (
				3FDC88F9283505FE00A68C67 /* Catalog */,
				3F7C1F9F2834A47300D136BE /* DesignCore */,
				3F26FBF62835FC69003EF65C /* DesignToolbox */,
				3FDC891C2835068600A68C67 /* DesignComponents */,
				3FA8749E2838BC3900699F51 /* DesignRx */,
				3F7C1FA92834A47400D136BE /* CoreTests */,
				3FDC89252835068700A68C67 /* ComponentsTests */,
				3F26FBFF2835FC69003EF65C /* DesignTests */,
				3FA874A72838BC3A00699F51 /* RxComponentsTests */,
			);
		};
/* End PBXProject section */

/* Begin PBXResourcesBuildPhase section */
		3F26FBF52835FC69003EF65C /* Resources */ = {
			isa = PBXResourcesBuildPhase;
			buildActionMask = 2147483647;
			files = (
			);
			runOnlyForDeploymentPostprocessing = 0;
		};
		3F26FBFE2835FC69003EF65C /* Resources */ = {
			isa = PBXResourcesBuildPhase;
			buildActionMask = 2147483647;
			files = (
			);
			runOnlyForDeploymentPostprocessing = 0;
		};
		3F7C1F9E2834A47300D136BE /* Resources */ = {
			isa = PBXResourcesBuildPhase;
			buildActionMask = 2147483647;
			files = (
			);
			runOnlyForDeploymentPostprocessing = 0;
		};
		3F7C1FA82834A47400D136BE /* Resources */ = {
			isa = PBXResourcesBuildPhase;
			buildActionMask = 2147483647;
			files = (
			);
			runOnlyForDeploymentPostprocessing = 0;
		};
		3FA8749D2838BC3900699F51 /* Resources */ = {
			isa = PBXResourcesBuildPhase;
			buildActionMask = 2147483647;
			files = (
			);
			runOnlyForDeploymentPostprocessing = 0;
		};
		3FA874A62838BC3A00699F51 /* Resources */ = {
			isa = PBXResourcesBuildPhase;
			buildActionMask = 2147483647;
			files = (
			);
			runOnlyForDeploymentPostprocessing = 0;
		};
		3FDC88F8283505FE00A68C67 /* Resources */ = {
			isa = PBXResourcesBuildPhase;
			buildActionMask = 2147483647;
			files = (
				3FDC89092835060100A68C67 /* LaunchScreen.storyboard in Resources */,
				3FDC89062835060100A68C67 /* Assets.xcassets in Resources */,
				3FDC8904283505FF00A68C67 /* Main.storyboard in Resources */,
			);
			runOnlyForDeploymentPostprocessing = 0;
		};
		3FDC891B2835068600A68C67 /* Resources */ = {
			isa = PBXResourcesBuildPhase;
			buildActionMask = 2147483647;
			files = (
			);
			runOnlyForDeploymentPostprocessing = 0;
		};
		3FDC89242835068700A68C67 /* Resources */ = {
			isa = PBXResourcesBuildPhase;
			buildActionMask = 2147483647;
			files = (
			);
			runOnlyForDeploymentPostprocessing = 0;
		};
/* End PBXResourcesBuildPhase section */

/* Begin PBXShellScriptBuildPhase section */
		3F282375283F88F400B8F5FE /* Swiftlint */ = {
			isa = PBXShellScriptBuildPhase;
			alwaysOutOfDate = 1;
			buildActionMask = 2147483647;
			files = (
			);
			inputFileListPaths = (
			);
			inputPaths = (
			);
			name = Swiftlint;
			outputFileListPaths = (
			);
			outputPaths = (
			);
			runOnlyForDeploymentPostprocessing = 0;
			shellPath = /bin/zsh;
			shellScript = "if which swiftlint > /dev/null; then\n    echo \"Omitting swiftlint\"\n    # swiftlint lint --config \"$(pwd)/../.global.lint.yml\" --path \"$(pwd)/Sources/Core\"\n    # swiftlint autocorrect\nelse\n    if which brew > /dev/null; then\n        brew install swiftlint\n        swiftlint\n    else\n        echo \"error: Homebrew not found. Please install homebrew and install swiftgen\"\n        echo \"error: SwiftLint not installed, download from https://github.com/realm/SwiftLint\"\n    fi\nfi\n\n";
		};
		3F282376283F89A100B8F5FE /* Swiftlint */ = {
			isa = PBXShellScriptBuildPhase;
			alwaysOutOfDate = 1;
			buildActionMask = 2147483647;
			files = (
			);
			inputFileListPaths = (
			);
			inputPaths = (
			);
			name = Swiftlint;
			outputFileListPaths = (
			);
			outputPaths = (
			);
			runOnlyForDeploymentPostprocessing = 0;
			shellPath = /bin/sh;
			shellScript = "if which swiftlint > /dev/null; then\n    echo \"Omitting swiftlint\"\n    # swiftlint lint --config \"$(pwd)/../.global.lint.yml\" --path \"$(pwd)/Sources/Design\"\n    # swiftlint autocorrect\nelse\n    if which brew > /dev/null; then\n        brew install swiftlint\n        swiftlint\n    else\n        echo \"error: Homebrew not found. Please install homebrew and install swiftgen\"\n        echo \"error: SwiftLint not installed, download from https://github.com/realm/SwiftLint\"\n    fi\nfi\n\n";
		};
		3F282377283F89C500B8F5FE /* Swiftlint */ = {
			isa = PBXShellScriptBuildPhase;
			alwaysOutOfDate = 1;
			buildActionMask = 2147483647;
			files = (
			);
			inputFileListPaths = (
			);
			inputPaths = (
			);
			name = Swiftlint;
			outputFileListPaths = (
			);
			outputPaths = (
			);
			runOnlyForDeploymentPostprocessing = 0;
			shellPath = /bin/sh;
			shellScript = "if which swiftlint > /dev/null; then\n    echo \"Omitting swiftlint\"\n    # swiftlint lint --config \"$(pwd)/../.global.lint.yml\" --path \"$(pwd)/Sources/Components\"\n    # swiftlint autocorrect\nelse\n    if which brew > /dev/null; then\n        brew install swiftlint\n        swiftlint\n    else\n        echo \"error: Homebrew not found. Please install homebrew and install swiftgen\"\n        echo \"error: SwiftLint not installed, download from https://github.com/realm/SwiftLint\"\n    fi\nfi\n\n";
		};
		3F282378283F89D700B8F5FE /* Swiftlint */ = {
			isa = PBXShellScriptBuildPhase;
			alwaysOutOfDate = 1;
			buildActionMask = 2147483647;
			files = (
			);
			inputFileListPaths = (
			);
			inputPaths = (
			);
			name = Swiftlint;
			outputFileListPaths = (
			);
			outputPaths = (
			);
			runOnlyForDeploymentPostprocessing = 0;
			shellPath = /bin/sh;
			shellScript = "if which swiftlint > /dev/null; then\n    echo \"Omitting swiftlint\"\n    # swiftlint lint --config \"$(pwd)/../.global.lint.yml\" --path \"$(pwd)/Sources/RxComponents\"\n    # swiftlint autocorrect\nelse\n    if which brew > /dev/null; then\n        brew install swiftlint\n        swiftlint\n    else\n        echo \"error: Homebrew not found. Please install homebrew and install swiftgen\"\n        echo \"error: SwiftLint not installed, download from https://github.com/realm/SwiftLint\"\n    fi\nfi\n\n";
		};
/* End PBXShellScriptBuildPhase section */

/* Begin PBXSourcesBuildPhase section */
		3F26FBF32835FC69003EF65C /* Sources */ = {
			isa = PBXSourcesBuildPhase;
			buildActionMask = 2147483647;
			files = (
				3F26FBFB2835FC69003EF65C /* Design.docc in Sources */,
				3F95F44A2840D41F001BA153 /* UIImage+.swift in Sources */,
				3FF75153283CFE2800C241A6 /* CALayer+.swift in Sources */,
				3F77A3932955BD9C008DAC67 /* FontSystem.swift in Sources */,
				3F77A3962955BD9C008DAC67 /* ThemeProvider.swift in Sources */,
				3F26FC142835FC7E003EF65C /* UIColor+.swift in Sources */,
				3F77A3942955BD9C008DAC67 /* ColorLoader.swift in Sources */,
				3F77A3952955BD9C008DAC67 /* Theme.swift in Sources */,
			);
			runOnlyForDeploymentPostprocessing = 0;
		};
		3F26FBFC2835FC69003EF65C /* Sources */ = {
			isa = PBXSourcesBuildPhase;
			buildActionMask = 2147483647;
			files = (
				3F26FC082835FC69003EF65C /* DesignTests.swift in Sources */,
			);
			runOnlyForDeploymentPostprocessing = 0;
		};
		3F7C1F9C2834A47300D136BE /* Sources */ = {
			isa = PBXSourcesBuildPhase;
			buildActionMask = 2147483647;
			files = (
				3F7C1FC42834A58B00D136BE /* TextFieldDelegateProxy.swift in Sources */,
				3F1E06EC2846284A00659F71 /* UIButton+.swift in Sources */,
				3F7C1FC32834A58B00D136BE /* CommonProtocols.swift in Sources */,
				3FEACB622857438600B32AF0 /* CommonAttributedString.swift in Sources */,
				3F7C1FC82834BD2200D136BE /* Validator.swift in Sources */,
				3F7C1FA52834A47300D136BE /* Core.docc in Sources */,
				3F26FC1B2835FC9D003EF65C /* ComponentSystem.swift in Sources */,
			);
			runOnlyForDeploymentPostprocessing = 0;
		};
		3F7C1FA62834A47400D136BE /* Sources */ = {
			isa = PBXSourcesBuildPhase;
			buildActionMask = 2147483647;
			files = (
				3F7C1FB02834A47400D136BE /* ComponentSystemTests.swift in Sources */,
			);
			runOnlyForDeploymentPostprocessing = 0;
		};
		3FA8749B2838BC3900699F51 /* Sources */ = {
			isa = PBXSourcesBuildPhase;
			buildActionMask = 2147483647;
			files = (
				3FA874BD2838BC9300699F51 /* CommonTableView+Rx.swift in Sources */,
				3FA874A32838BC3A00699F51 /* RxComponents.docc in Sources */,
			);
			runOnlyForDeploymentPostprocessing = 0;
		};
		3FA874A42838BC3A00699F51 /* Sources */ = {
			isa = PBXSourcesBuildPhase;
			buildActionMask = 2147483647;
			files = (
				3FA874B02838BC3A00699F51 /* RxComponentsTests.swift in Sources */,
			);
			runOnlyForDeploymentPostprocessing = 0;
		};
		3FDC88F6283505FE00A68C67 /* Sources */ = {
			isa = PBXSourcesBuildPhase;
			buildActionMask = 2147483647;
			files = (
				3FDC89122835063700A68C67 /* AppDelegate.swift in Sources */,
				3FD34BD1283E27F8005B0B94 /* CommonTextFieldDemo.swift in Sources */,
				3F26FC272836316F003EF65C /* ComponentCell.swift in Sources */,
				3FDC89112835063700A68C67 /* ViewController.swift in Sources */,
				3FA874C92838C41D00699F51 /* KeyboardDemo.swift in Sources */,
				3F252FC2283B7BED00D927E9 /* ViewController+.swift in Sources */,
			);
			runOnlyForDeploymentPostprocessing = 0;
		};
		3FDC89192835068600A68C67 /* Sources */ = {
			isa = PBXSourcesBuildPhase;
			buildActionMask = 2147483647;
			files = (
				3FC2F17A2876D4D9005CDF9D /* CommonCell.swift in Sources */,
				3FC2F17F2876D4D9005CDF9D /* KeyboardConfiguration.swift in Sources */,
				3FC2F17C2876D4D9005CDF9D /* CommonHeader.swift in Sources */,
				3F132723287DE71F0043625F /* CommonStatusView.swift in Sources */,
				3FC2F17E2876D4D9005CDF9D /* CommonTextField.swift in Sources */,
				3FC2F1802876D4D9005CDF9D /* KeyboardProtocol.swift in Sources */,
				3FC2F1792876D4D9005CDF9D /* UITableView+.swift in Sources */,
				3FDC89212835068600A68C67 /* Components.docc in Sources */,
				3FC2F1782876D4D8005CDF9D /* NSLayoutConstraint+.swift in Sources */,
				3FC2F17B2876D4D9005CDF9D /* CommonTableView.swift in Sources */,
				3FC2F1812876D4D9005CDF9D /* KeyboardComponents.swift in Sources */,
				3FC2F1822876D4D9005CDF9D /* Keyboard.swift in Sources */,
				3FC2F17D2876D4D9005CDF9D /* CommonTableViewProtocol.swift in Sources */,
			);
			runOnlyForDeploymentPostprocessing = 0;
		};
		3FDC89222835068700A68C67 /* Sources */ = {
			isa = PBXSourcesBuildPhase;
			buildActionMask = 2147483647;
			files = (
				3FDC892E2835068700A68C67 /* ComponentsTests.swift in Sources */,
			);
			runOnlyForDeploymentPostprocessing = 0;
		};
/* End PBXSourcesBuildPhase section */

/* Begin PBXTargetDependency section */
		3F26FC032835FC69003EF65C /* PBXTargetDependency */ = {
			isa = PBXTargetDependency;
			target = 3F26FBF62835FC69003EF65C /* DesignToolbox */;
			targetProxy = 3F26FC022835FC69003EF65C /* PBXContainerItemProxy */;
		};
		3F26FC052835FC69003EF65C /* PBXTargetDependency */ = {
			isa = PBXTargetDependency;
			target = 3FDC88F9283505FE00A68C67 /* Catalog */;
			targetProxy = 3F26FC042835FC69003EF65C /* PBXContainerItemProxy */;
		};
		3F26FC0B2835FC69003EF65C /* PBXTargetDependency */ = {
			isa = PBXTargetDependency;
			target = 3F26FBF62835FC69003EF65C /* DesignToolbox */;
			targetProxy = 3F26FC0A2835FC69003EF65C /* PBXContainerItemProxy */;
		};
		3F26FC202835FD0E003EF65C /* PBXTargetDependency */ = {
			isa = PBXTargetDependency;
			target = 3F26FBF62835FC69003EF65C /* DesignToolbox */;
			targetProxy = 3F26FC1F2835FD0E003EF65C /* PBXContainerItemProxy */;
		};
		3F26FC242835FD13003EF65C /* PBXTargetDependency */ = {
			isa = PBXTargetDependency;
			target = 3F7C1F9F2834A47300D136BE /* DesignCore */;
			targetProxy = 3F26FC232835FD13003EF65C /* PBXContainerItemProxy */;
		};
		3F7C1FAD2834A47400D136BE /* PBXTargetDependency */ = {
			isa = PBXTargetDependency;
			target = 3F7C1F9F2834A47300D136BE /* DesignCore */;
			targetProxy = 3F7C1FAC2834A47400D136BE /* PBXContainerItemProxy */;
		};
		3FA874AB2838BC3A00699F51 /* PBXTargetDependency */ = {
			isa = PBXTargetDependency;
			target = 3FA8749E2838BC3900699F51 /* DesignRx */;
			targetProxy = 3FA874AA2838BC3A00699F51 /* PBXContainerItemProxy */;
		};
		3FA874AD2838BC3A00699F51 /* PBXTargetDependency */ = {
			isa = PBXTargetDependency;
			target = 3FDC88F9283505FE00A68C67 /* Catalog */;
			targetProxy = 3FA874AC2838BC3A00699F51 /* PBXContainerItemProxy */;
		};
		3FA874B32838BC3A00699F51 /* PBXTargetDependency */ = {
			isa = PBXTargetDependency;
			target = 3FA8749E2838BC3900699F51 /* DesignRx */;
			targetProxy = 3FA874B22838BC3A00699F51 /* PBXContainerItemProxy */;
		};
		3FA874C42838BF1700699F51 /* PBXTargetDependency */ = {
			isa = PBXTargetDependency;
			target = 3FDC891C2835068600A68C67 /* DesignComponents */;
			targetProxy = 3FA874C32838BF1700699F51 /* PBXContainerItemProxy */;
		};
		3FDC89292835068700A68C67 /* PBXTargetDependency */ = {
			isa = PBXTargetDependency;
			target = 3FDC891C2835068600A68C67 /* DesignComponents */;
			targetProxy = 3FDC89282835068700A68C67 /* PBXContainerItemProxy */;
		};
		3FDC892B2835068700A68C67 /* PBXTargetDependency */ = {
			isa = PBXTargetDependency;
			target = 3FDC88F9283505FE00A68C67 /* Catalog */;
			targetProxy = 3FDC892A2835068700A68C67 /* PBXContainerItemProxy */;
		};
		3FDC89312835068700A68C67 /* PBXTargetDependency */ = {
			isa = PBXTargetDependency;
			target = 3FDC891C2835068600A68C67 /* DesignComponents */;
			targetProxy = 3FDC89302835068700A68C67 /* PBXContainerItemProxy */;
		};
		3FDC893F283506CF00A68C67 /* PBXTargetDependency */ = {
			isa = PBXTargetDependency;
			target = 3F7C1F9F2834A47300D136BE /* DesignCore */;
			targetProxy = 3FDC893E283506CF00A68C67 /* PBXContainerItemProxy */;
		};
		3FDC89442835071000A68C67 /* PBXTargetDependency */ = {
			isa = PBXTargetDependency;
			target = 3F7C1F9F2834A47300D136BE /* DesignCore */;
			targetProxy = 3FDC89432835071000A68C67 /* PBXContainerItemProxy */;
		};
/* End PBXTargetDependency section */

/* Begin PBXVariantGroup section */
		3FDC8902283505FF00A68C67 /* Main.storyboard */ = {
			isa = PBXVariantGroup;
			children = (
				3FDC8903283505FF00A68C67 /* Base */,
			);
			name = Main.storyboard;
			sourceTree = "<group>";
		};
		3FDC89072835060100A68C67 /* LaunchScreen.storyboard */ = {
			isa = PBXVariantGroup;
			children = (
				3FDC89082835060100A68C67 /* Base */,
			);
			name = LaunchScreen.storyboard;
			sourceTree = "<group>";
		};
/* End PBXVariantGroup section */

/* Begin XCBuildConfiguration section */
		3F26FC0F2835FC69003EF65C /* Debug */ = {
			isa = XCBuildConfiguration;
			buildSettings = {
				CODE_SIGN_STYLE = Automatic;
				CURRENT_PROJECT_VERSION = 1;
				DEFINES_MODULE = YES;
				DEVELOPMENT_TEAM = VGDVWV5J5U;
				DYLIB_COMPATIBILITY_VERSION = 1;
				DYLIB_CURRENT_VERSION = 1;
				DYLIB_INSTALL_NAME_BASE = "@rpath";
				GENERATE_INFOPLIST_FILE = YES;
				INFOPLIST_KEY_NSHumanReadableCopyright = "";
				INSTALL_PATH = "$(LOCAL_LIBRARY_DIR)/Frameworks";
				LD_RUNPATH_SEARCH_PATHS = (
					"$(inherited)",
					"@executable_path/Frameworks",
					"@loader_path/Frameworks",
				);
				MARKETING_VERSION = 1.0;
				PRODUCT_BUNDLE_IDENTIFIER = com.ducnguyen.Design;
				PRODUCT_NAME = "$(TARGET_NAME:c99extidentifier)";
				SKIP_INSTALL = YES;
				SWIFT_EMIT_LOC_STRINGS = YES;
				SWIFT_VERSION = 5.0;
				TARGETED_DEVICE_FAMILY = "1,2";
			};
			name = Debug;
		};
		3F26FC102835FC69003EF65C /* Release */ = {
			isa = XCBuildConfiguration;
			buildSettings = {
				CODE_SIGN_STYLE = Automatic;
				CURRENT_PROJECT_VERSION = 1;
				DEFINES_MODULE = YES;
				DEVELOPMENT_TEAM = VGDVWV5J5U;
				DYLIB_COMPATIBILITY_VERSION = 1;
				DYLIB_CURRENT_VERSION = 1;
				DYLIB_INSTALL_NAME_BASE = "@rpath";
				GENERATE_INFOPLIST_FILE = YES;
				INFOPLIST_KEY_NSHumanReadableCopyright = "";
				INSTALL_PATH = "$(LOCAL_LIBRARY_DIR)/Frameworks";
				LD_RUNPATH_SEARCH_PATHS = (
					"$(inherited)",
					"@executable_path/Frameworks",
					"@loader_path/Frameworks",
				);
				MARKETING_VERSION = 1.0;
				PRODUCT_BUNDLE_IDENTIFIER = com.ducnguyen.Design;
				PRODUCT_NAME = "$(TARGET_NAME:c99extidentifier)";
				SKIP_INSTALL = YES;
				SWIFT_EMIT_LOC_STRINGS = YES;
				SWIFT_VERSION = 5.0;
				TARGETED_DEVICE_FAMILY = "1,2";
			};
			name = Release;
		};
		3F26FC122835FC69003EF65C /* Debug */ = {
			isa = XCBuildConfiguration;
			buildSettings = {
				ALWAYS_EMBED_SWIFT_STANDARD_LIBRARIES = YES;
				CODE_SIGN_STYLE = Automatic;
				CURRENT_PROJECT_VERSION = 1;
				DEVELOPMENT_TEAM = VGDVWV5J5U;
				GENERATE_INFOPLIST_FILE = YES;
				MARKETING_VERSION = 1.0;
				PRODUCT_BUNDLE_IDENTIFIER = com.ducnguyen.DesignTests;
				PRODUCT_NAME = "$(TARGET_NAME)";
				SWIFT_EMIT_LOC_STRINGS = NO;
				SWIFT_VERSION = 5.0;
				TARGETED_DEVICE_FAMILY = "1,2";
				TEST_HOST = "$(BUILT_PRODUCTS_DIR)/Catalog.app/Catalog";
			};
			name = Debug;
		};
		3F26FC132835FC69003EF65C /* Release */ = {
			isa = XCBuildConfiguration;
			buildSettings = {
				ALWAYS_EMBED_SWIFT_STANDARD_LIBRARIES = YES;
				CODE_SIGN_STYLE = Automatic;
				CURRENT_PROJECT_VERSION = 1;
				DEVELOPMENT_TEAM = VGDVWV5J5U;
				GENERATE_INFOPLIST_FILE = YES;
				MARKETING_VERSION = 1.0;
				PRODUCT_BUNDLE_IDENTIFIER = com.ducnguyen.DesignTests;
				PRODUCT_NAME = "$(TARGET_NAME)";
				SWIFT_EMIT_LOC_STRINGS = NO;
				SWIFT_VERSION = 5.0;
				TARGETED_DEVICE_FAMILY = "1,2";
				TEST_HOST = "$(BUILT_PRODUCTS_DIR)/Catalog.app/Catalog";
			};
			name = Release;
		};
		3F7C1FB22834A47400D136BE /* Debug */ = {
			isa = XCBuildConfiguration;
			buildSettings = {
				ALWAYS_SEARCH_USER_PATHS = NO;
				CLANG_ANALYZER_NONNULL = YES;
				CLANG_ANALYZER_NUMBER_OBJECT_CONVERSION = YES_AGGRESSIVE;
				CLANG_CXX_LANGUAGE_STANDARD = "gnu++17";
				CLANG_ENABLE_MODULES = YES;
				CLANG_ENABLE_OBJC_ARC = YES;
				CLANG_ENABLE_OBJC_WEAK = YES;
				CLANG_WARN_BLOCK_CAPTURE_AUTORELEASING = YES;
				CLANG_WARN_BOOL_CONVERSION = YES;
				CLANG_WARN_COMMA = YES;
				CLANG_WARN_CONSTANT_CONVERSION = YES;
				CLANG_WARN_DEPRECATED_OBJC_IMPLEMENTATIONS = YES;
				CLANG_WARN_DIRECT_OBJC_ISA_USAGE = YES_ERROR;
				CLANG_WARN_DOCUMENTATION_COMMENTS = YES;
				CLANG_WARN_EMPTY_BODY = YES;
				CLANG_WARN_ENUM_CONVERSION = YES;
				CLANG_WARN_INFINITE_RECURSION = YES;
				CLANG_WARN_INT_CONVERSION = YES;
				CLANG_WARN_NON_LITERAL_NULL_CONVERSION = YES;
				CLANG_WARN_OBJC_IMPLICIT_RETAIN_SELF = YES;
				CLANG_WARN_OBJC_LITERAL_CONVERSION = YES;
				CLANG_WARN_OBJC_ROOT_CLASS = YES_ERROR;
				CLANG_WARN_QUOTED_INCLUDE_IN_FRAMEWORK_HEADER = YES;
				CLANG_WARN_RANGE_LOOP_ANALYSIS = YES;
				CLANG_WARN_STRICT_PROTOTYPES = YES;
				CLANG_WARN_SUSPICIOUS_MOVE = YES;
				CLANG_WARN_UNGUARDED_AVAILABILITY = YES_AGGRESSIVE;
				CLANG_WARN_UNREACHABLE_CODE = YES;
				CLANG_WARN__DUPLICATE_METHOD_MATCH = YES;
				COPY_PHASE_STRIP = NO;
				CURRENT_PROJECT_VERSION = 1;
				DEBUG_INFORMATION_FORMAT = dwarf;
				ENABLE_STRICT_OBJC_MSGSEND = YES;
				ENABLE_TESTABILITY = YES;
				GCC_C_LANGUAGE_STANDARD = gnu11;
				GCC_DYNAMIC_NO_PIC = NO;
				GCC_NO_COMMON_BLOCKS = YES;
				GCC_OPTIMIZATION_LEVEL = 0;
				GCC_PREPROCESSOR_DEFINITIONS = (
					"DEBUG=1",
					"$(inherited)",
				);
				GCC_WARN_64_TO_32_BIT_CONVERSION = YES;
				GCC_WARN_ABOUT_RETURN_TYPE = YES_ERROR;
				GCC_WARN_UNDECLARED_SELECTOR = YES;
				GCC_WARN_UNINITIALIZED_AUTOS = YES_AGGRESSIVE;
				GCC_WARN_UNUSED_FUNCTION = YES;
				GCC_WARN_UNUSED_VARIABLE = YES;
				IPHONEOS_DEPLOYMENT_TARGET = 13.0;
				MTL_ENABLE_DEBUG_INFO = INCLUDE_SOURCE;
				MTL_FAST_MATH = YES;
				ONLY_ACTIVE_ARCH = YES;
				SDKROOT = iphoneos;
				SWIFT_ACTIVE_COMPILATION_CONDITIONS = DEBUG;
				SWIFT_OPTIMIZATION_LEVEL = "-Onone";
				VERSIONING_SYSTEM = "apple-generic";
				VERSION_INFO_PREFIX = "";
			};
			name = Debug;
		};
		3F7C1FB32834A47400D136BE /* Release */ = {
			isa = XCBuildConfiguration;
			buildSettings = {
				ALWAYS_SEARCH_USER_PATHS = NO;
				CLANG_ANALYZER_NONNULL = YES;
				CLANG_ANALYZER_NUMBER_OBJECT_CONVERSION = YES_AGGRESSIVE;
				CLANG_CXX_LANGUAGE_STANDARD = "gnu++17";
				CLANG_ENABLE_MODULES = YES;
				CLANG_ENABLE_OBJC_ARC = YES;
				CLANG_ENABLE_OBJC_WEAK = YES;
				CLANG_WARN_BLOCK_CAPTURE_AUTORELEASING = YES;
				CLANG_WARN_BOOL_CONVERSION = YES;
				CLANG_WARN_COMMA = YES;
				CLANG_WARN_CONSTANT_CONVERSION = YES;
				CLANG_WARN_DEPRECATED_OBJC_IMPLEMENTATIONS = YES;
				CLANG_WARN_DIRECT_OBJC_ISA_USAGE = YES_ERROR;
				CLANG_WARN_DOCUMENTATION_COMMENTS = YES;
				CLANG_WARN_EMPTY_BODY = YES;
				CLANG_WARN_ENUM_CONVERSION = YES;
				CLANG_WARN_INFINITE_RECURSION = YES;
				CLANG_WARN_INT_CONVERSION = YES;
				CLANG_WARN_NON_LITERAL_NULL_CONVERSION = YES;
				CLANG_WARN_OBJC_IMPLICIT_RETAIN_SELF = YES;
				CLANG_WARN_OBJC_LITERAL_CONVERSION = YES;
				CLANG_WARN_OBJC_ROOT_CLASS = YES_ERROR;
				CLANG_WARN_QUOTED_INCLUDE_IN_FRAMEWORK_HEADER = YES;
				CLANG_WARN_RANGE_LOOP_ANALYSIS = YES;
				CLANG_WARN_STRICT_PROTOTYPES = YES;
				CLANG_WARN_SUSPICIOUS_MOVE = YES;
				CLANG_WARN_UNGUARDED_AVAILABILITY = YES_AGGRESSIVE;
				CLANG_WARN_UNREACHABLE_CODE = YES;
				CLANG_WARN__DUPLICATE_METHOD_MATCH = YES;
				COPY_PHASE_STRIP = NO;
				CURRENT_PROJECT_VERSION = 1;
				DEBUG_INFORMATION_FORMAT = "dwarf-with-dsym";
				ENABLE_NS_ASSERTIONS = NO;
				ENABLE_STRICT_OBJC_MSGSEND = YES;
				GCC_C_LANGUAGE_STANDARD = gnu11;
				GCC_NO_COMMON_BLOCKS = YES;
				GCC_WARN_64_TO_32_BIT_CONVERSION = YES;
				GCC_WARN_ABOUT_RETURN_TYPE = YES_ERROR;
				GCC_WARN_UNDECLARED_SELECTOR = YES;
				GCC_WARN_UNINITIALIZED_AUTOS = YES_AGGRESSIVE;
				GCC_WARN_UNUSED_FUNCTION = YES;
				GCC_WARN_UNUSED_VARIABLE = YES;
				IPHONEOS_DEPLOYMENT_TARGET = 13.0;
				MTL_ENABLE_DEBUG_INFO = NO;
				MTL_FAST_MATH = YES;
				SDKROOT = iphoneos;
				SWIFT_COMPILATION_MODE = wholemodule;
				SWIFT_OPTIMIZATION_LEVEL = "-O";
				VALIDATE_PRODUCT = YES;
				VERSIONING_SYSTEM = "apple-generic";
				VERSION_INFO_PREFIX = "";
			};
			name = Release;
		};
		3F7C1FB52834A47400D136BE /* Debug */ = {
			isa = XCBuildConfiguration;
			buildSettings = {
				CODE_SIGN_STYLE = Automatic;
				CURRENT_PROJECT_VERSION = 1;
				DEFINES_MODULE = YES;
				DEVELOPMENT_TEAM = VGDVWV5J5U;
				DYLIB_COMPATIBILITY_VERSION = 1;
				DYLIB_CURRENT_VERSION = 1;
				DYLIB_INSTALL_NAME_BASE = "@rpath";
				GENERATE_INFOPLIST_FILE = YES;
				INFOPLIST_KEY_NSHumanReadableCopyright = "";
				INSTALL_PATH = "$(LOCAL_LIBRARY_DIR)/Frameworks";
				LD_RUNPATH_SEARCH_PATHS = (
					"$(inherited)",
					"@executable_path/Frameworks",
					"@loader_path/Frameworks",
				);
				MARKETING_VERSION = 1.0;
				PRODUCT_BUNDLE_IDENTIFIER = com.ducnguyen.component.core;
				PRODUCT_NAME = "$(TARGET_NAME:c99extidentifier)";
				SKIP_INSTALL = YES;
				SWIFT_EMIT_LOC_STRINGS = YES;
				SWIFT_VERSION = 5.0;
				TARGETED_DEVICE_FAMILY = "1,2";
			};
			name = Debug;
		};
		3F7C1FB62834A47400D136BE /* Release */ = {
			isa = XCBuildConfiguration;
			buildSettings = {
				CODE_SIGN_STYLE = Automatic;
				CURRENT_PROJECT_VERSION = 1;
				DEFINES_MODULE = YES;
				DEVELOPMENT_TEAM = VGDVWV5J5U;
				DYLIB_COMPATIBILITY_VERSION = 1;
				DYLIB_CURRENT_VERSION = 1;
				DYLIB_INSTALL_NAME_BASE = "@rpath";
				GENERATE_INFOPLIST_FILE = YES;
				INFOPLIST_KEY_NSHumanReadableCopyright = "";
				INSTALL_PATH = "$(LOCAL_LIBRARY_DIR)/Frameworks";
				LD_RUNPATH_SEARCH_PATHS = (
					"$(inherited)",
					"@executable_path/Frameworks",
					"@loader_path/Frameworks",
				);
				MARKETING_VERSION = 1.0;
				PRODUCT_BUNDLE_IDENTIFIER = com.ducnguyen.component.core;
				PRODUCT_NAME = "$(TARGET_NAME:c99extidentifier)";
				SKIP_INSTALL = YES;
				SWIFT_EMIT_LOC_STRINGS = YES;
				SWIFT_VERSION = 5.0;
				TARGETED_DEVICE_FAMILY = "1,2";
			};
			name = Release;
		};
		3F7C1FB82834A47400D136BE /* Debug */ = {
			isa = XCBuildConfiguration;
			buildSettings = {
				ALWAYS_EMBED_SWIFT_STANDARD_LIBRARIES = YES;
				CODE_SIGN_STYLE = Automatic;
				CURRENT_PROJECT_VERSION = 1;
				DEVELOPMENT_TEAM = VGDVWV5J5U;
				GENERATE_INFOPLIST_FILE = YES;
				MARKETING_VERSION = 1.0;
				PRODUCT_BUNDLE_IDENTIFIER = com.ducnguyen.ComponentSystemTests;
				PRODUCT_NAME = "$(TARGET_NAME)";
				SWIFT_EMIT_LOC_STRINGS = NO;
				SWIFT_VERSION = 5.0;
				TARGETED_DEVICE_FAMILY = "1,2";
			};
			name = Debug;
		};
		3F7C1FB92834A47400D136BE /* Release */ = {
			isa = XCBuildConfiguration;
			buildSettings = {
				ALWAYS_EMBED_SWIFT_STANDARD_LIBRARIES = YES;
				CODE_SIGN_STYLE = Automatic;
				CURRENT_PROJECT_VERSION = 1;
				DEVELOPMENT_TEAM = VGDVWV5J5U;
				GENERATE_INFOPLIST_FILE = YES;
				MARKETING_VERSION = 1.0;
				PRODUCT_BUNDLE_IDENTIFIER = com.ducnguyen.ComponentSystemTests;
				PRODUCT_NAME = "$(TARGET_NAME)";
				SWIFT_EMIT_LOC_STRINGS = NO;
				SWIFT_VERSION = 5.0;
				TARGETED_DEVICE_FAMILY = "1,2";
			};
			name = Release;
		};
		3FA874B72838BC3A00699F51 /* Debug */ = {
			isa = XCBuildConfiguration;
			buildSettings = {
				CODE_SIGN_STYLE = Automatic;
				CURRENT_PROJECT_VERSION = 1;
				DEFINES_MODULE = YES;
				DEVELOPMENT_TEAM = VGDVWV5J5U;
				DYLIB_COMPATIBILITY_VERSION = 1;
				DYLIB_CURRENT_VERSION = 1;
				DYLIB_INSTALL_NAME_BASE = "@rpath";
				GENERATE_INFOPLIST_FILE = YES;
				INFOPLIST_KEY_NSHumanReadableCopyright = "";
				INSTALL_PATH = "$(LOCAL_LIBRARY_DIR)/Frameworks";
				IPHONEOS_DEPLOYMENT_TARGET = 13.0;
				LD_RUNPATH_SEARCH_PATHS = (
					"$(inherited)",
					"@executable_path/Frameworks",
					"@loader_path/Frameworks",
				);
				MARKETING_VERSION = 1.0;
				PRODUCT_BUNDLE_IDENTIFIER = com.ducnguyen.RxComponents;
				PRODUCT_NAME = "$(TARGET_NAME:c99extidentifier)";
				SKIP_INSTALL = YES;
				SWIFT_EMIT_LOC_STRINGS = YES;
				SWIFT_VERSION = 5.0;
				TARGETED_DEVICE_FAMILY = "1,2";
			};
			name = Debug;
		};
		3FA874B82838BC3A00699F51 /* Release */ = {
			isa = XCBuildConfiguration;
			buildSettings = {
				CODE_SIGN_STYLE = Automatic;
				CURRENT_PROJECT_VERSION = 1;
				DEFINES_MODULE = YES;
				DEVELOPMENT_TEAM = VGDVWV5J5U;
				DYLIB_COMPATIBILITY_VERSION = 1;
				DYLIB_CURRENT_VERSION = 1;
				DYLIB_INSTALL_NAME_BASE = "@rpath";
				GENERATE_INFOPLIST_FILE = YES;
				INFOPLIST_KEY_NSHumanReadableCopyright = "";
				INSTALL_PATH = "$(LOCAL_LIBRARY_DIR)/Frameworks";
				IPHONEOS_DEPLOYMENT_TARGET = 13.0;
				LD_RUNPATH_SEARCH_PATHS = (
					"$(inherited)",
					"@executable_path/Frameworks",
					"@loader_path/Frameworks",
				);
				MARKETING_VERSION = 1.0;
				PRODUCT_BUNDLE_IDENTIFIER = com.ducnguyen.RxComponents;
				PRODUCT_NAME = "$(TARGET_NAME:c99extidentifier)";
				SKIP_INSTALL = YES;
				SWIFT_EMIT_LOC_STRINGS = YES;
				SWIFT_VERSION = 5.0;
				TARGETED_DEVICE_FAMILY = "1,2";
			};
			name = Release;
		};
		3FA874BA2838BC3A00699F51 /* Debug */ = {
			isa = XCBuildConfiguration;
			buildSettings = {
				ALWAYS_EMBED_SWIFT_STANDARD_LIBRARIES = YES;
				CODE_SIGN_STYLE = Automatic;
				CURRENT_PROJECT_VERSION = 1;
				DEVELOPMENT_TEAM = VGDVWV5J5U;
				GENERATE_INFOPLIST_FILE = YES;
				IPHONEOS_DEPLOYMENT_TARGET = 15.4;
				MARKETING_VERSION = 1.0;
				PRODUCT_BUNDLE_IDENTIFIER = com.ducnguyen.RxComponentsTests;
				PRODUCT_NAME = "$(TARGET_NAME)";
				SWIFT_EMIT_LOC_STRINGS = NO;
				SWIFT_VERSION = 5.0;
				TARGETED_DEVICE_FAMILY = "1,2";
				TEST_HOST = "$(BUILT_PRODUCTS_DIR)/Catalog.app/Catalog";
			};
			name = Debug;
		};
		3FA874BB2838BC3A00699F51 /* Release */ = {
			isa = XCBuildConfiguration;
			buildSettings = {
				ALWAYS_EMBED_SWIFT_STANDARD_LIBRARIES = YES;
				CODE_SIGN_STYLE = Automatic;
				CURRENT_PROJECT_VERSION = 1;
				DEVELOPMENT_TEAM = VGDVWV5J5U;
				GENERATE_INFOPLIST_FILE = YES;
				IPHONEOS_DEPLOYMENT_TARGET = 15.4;
				MARKETING_VERSION = 1.0;
				PRODUCT_BUNDLE_IDENTIFIER = com.ducnguyen.RxComponentsTests;
				PRODUCT_NAME = "$(TARGET_NAME)";
				SWIFT_EMIT_LOC_STRINGS = NO;
				SWIFT_VERSION = 5.0;
				TARGETED_DEVICE_FAMILY = "1,2";
				TEST_HOST = "$(BUILT_PRODUCTS_DIR)/Catalog.app/Catalog";
			};
			name = Release;
		};
		3FDC890B2835060100A68C67 /* Debug */ = {
			isa = XCBuildConfiguration;
			buildSettings = {
				ALWAYS_EMBED_SWIFT_STANDARD_LIBRARIES = YES;
				ASSETCATALOG_COMPILER_APPICON_NAME = AppIcon;
				ASSETCATALOG_COMPILER_GLOBAL_ACCENT_COLOR_NAME = AccentColor;
				CLANG_ENABLE_MODULES = YES;
				CODE_SIGN_STYLE = Automatic;
				CURRENT_PROJECT_VERSION = 1;
				DEVELOPMENT_TEAM = VGDVWV5J5U;
				GENERATE_INFOPLIST_FILE = YES;
				INFOPLIST_FILE = Catalog/Info.plist;
				INFOPLIST_KEY_UIApplicationSupportsIndirectInputEvents = YES;
				INFOPLIST_KEY_UILaunchStoryboardName = LaunchScreen;
				INFOPLIST_KEY_UIMainStoryboardFile = Main;
				INFOPLIST_KEY_UISupportedInterfaceOrientations_iPad = "UIInterfaceOrientationPortrait UIInterfaceOrientationPortraitUpsideDown UIInterfaceOrientationLandscapeLeft UIInterfaceOrientationLandscapeRight";
				INFOPLIST_KEY_UISupportedInterfaceOrientations_iPhone = "UIInterfaceOrientationPortrait UIInterfaceOrientationLandscapeLeft UIInterfaceOrientationLandscapeRight";
				LD_RUNPATH_SEARCH_PATHS = (
					"$(inherited)",
					"@executable_path/Frameworks",
				);
				MARKETING_VERSION = 1.0;
				PRODUCT_BUNDLE_IDENTIFIER = com.ducnguyen.component.Catalog;
				PRODUCT_NAME = "$(TARGET_NAME)";
				SWIFT_EMIT_LOC_STRINGS = YES;
				SWIFT_OPTIMIZATION_LEVEL = "-Onone";
				SWIFT_VERSION = 5.0;
				TARGETED_DEVICE_FAMILY = "1,2";
			};
			name = Debug;
		};
		3FDC890C2835060100A68C67 /* Release */ = {
			isa = XCBuildConfiguration;
			buildSettings = {
				ALWAYS_EMBED_SWIFT_STANDARD_LIBRARIES = YES;
				ASSETCATALOG_COMPILER_APPICON_NAME = AppIcon;
				ASSETCATALOG_COMPILER_GLOBAL_ACCENT_COLOR_NAME = AccentColor;
				CLANG_ENABLE_MODULES = YES;
				CODE_SIGN_STYLE = Automatic;
				CURRENT_PROJECT_VERSION = 1;
				DEVELOPMENT_TEAM = VGDVWV5J5U;
				GENERATE_INFOPLIST_FILE = YES;
				INFOPLIST_FILE = Catalog/Info.plist;
				INFOPLIST_KEY_UIApplicationSupportsIndirectInputEvents = YES;
				INFOPLIST_KEY_UILaunchStoryboardName = LaunchScreen;
				INFOPLIST_KEY_UIMainStoryboardFile = Main;
				INFOPLIST_KEY_UISupportedInterfaceOrientations_iPad = "UIInterfaceOrientationPortrait UIInterfaceOrientationPortraitUpsideDown UIInterfaceOrientationLandscapeLeft UIInterfaceOrientationLandscapeRight";
				INFOPLIST_KEY_UISupportedInterfaceOrientations_iPhone = "UIInterfaceOrientationPortrait UIInterfaceOrientationLandscapeLeft UIInterfaceOrientationLandscapeRight";
				LD_RUNPATH_SEARCH_PATHS = (
					"$(inherited)",
					"@executable_path/Frameworks",
				);
				MARKETING_VERSION = 1.0;
				PRODUCT_BUNDLE_IDENTIFIER = com.ducnguyen.component.Catalog;
				PRODUCT_NAME = "$(TARGET_NAME)";
				SWIFT_EMIT_LOC_STRINGS = YES;
				SWIFT_VERSION = 5.0;
				TARGETED_DEVICE_FAMILY = "1,2";
			};
			name = Release;
		};
		3FDC89362835068700A68C67 /* Debug */ = {
			isa = XCBuildConfiguration;
			buildSettings = {
				CODE_SIGN_STYLE = Automatic;
				CURRENT_PROJECT_VERSION = 1;
				DEFINES_MODULE = YES;
				DEVELOPMENT_TEAM = VGDVWV5J5U;
				DYLIB_COMPATIBILITY_VERSION = 1;
				DYLIB_CURRENT_VERSION = 1;
				DYLIB_INSTALL_NAME_BASE = "@rpath";
				GENERATE_INFOPLIST_FILE = YES;
				INFOPLIST_KEY_NSHumanReadableCopyright = "";
				INSTALL_PATH = "$(LOCAL_LIBRARY_DIR)/Frameworks";
				LD_RUNPATH_SEARCH_PATHS = (
					"$(inherited)",
					"@executable_path/Frameworks",
					"@loader_path/Frameworks",
				);
				MARKETING_VERSION = 1.0;
				PRODUCT_BUNDLE_IDENTIFIER = com.ducnguyen.component.ui;
				PRODUCT_NAME = "$(TARGET_NAME:c99extidentifier)";
				SKIP_INSTALL = YES;
				SWIFT_EMIT_LOC_STRINGS = YES;
				SWIFT_VERSION = 5.0;
				TARGETED_DEVICE_FAMILY = "1,2";
			};
			name = Debug;
		};
		3FDC89372835068700A68C67 /* Release */ = {
			isa = XCBuildConfiguration;
			buildSettings = {
				CODE_SIGN_STYLE = Automatic;
				CURRENT_PROJECT_VERSION = 1;
				DEFINES_MODULE = YES;
				DEVELOPMENT_TEAM = VGDVWV5J5U;
				DYLIB_COMPATIBILITY_VERSION = 1;
				DYLIB_CURRENT_VERSION = 1;
				DYLIB_INSTALL_NAME_BASE = "@rpath";
				GENERATE_INFOPLIST_FILE = YES;
				INFOPLIST_KEY_NSHumanReadableCopyright = "";
				INSTALL_PATH = "$(LOCAL_LIBRARY_DIR)/Frameworks";
				LD_RUNPATH_SEARCH_PATHS = (
					"$(inherited)",
					"@executable_path/Frameworks",
					"@loader_path/Frameworks",
				);
				MARKETING_VERSION = 1.0;
				PRODUCT_BUNDLE_IDENTIFIER = com.ducnguyen.component.ui;
				PRODUCT_NAME = "$(TARGET_NAME:c99extidentifier)";
				SKIP_INSTALL = YES;
				SWIFT_EMIT_LOC_STRINGS = YES;
				SWIFT_VERSION = 5.0;
				TARGETED_DEVICE_FAMILY = "1,2";
			};
			name = Release;
		};
		3FDC89392835068700A68C67 /* Debug */ = {
			isa = XCBuildConfiguration;
			buildSettings = {
				ALWAYS_EMBED_SWIFT_STANDARD_LIBRARIES = YES;
				CODE_SIGN_STYLE = Automatic;
				CURRENT_PROJECT_VERSION = 1;
				DEVELOPMENT_TEAM = VGDVWV5J5U;
				GENERATE_INFOPLIST_FILE = YES;
				MARKETING_VERSION = 1.0;
				PRODUCT_BUNDLE_IDENTIFIER = com.ducnguyen.ComponentsTests;
				PRODUCT_NAME = "$(TARGET_NAME)";
				SWIFT_EMIT_LOC_STRINGS = NO;
				SWIFT_VERSION = 5.0;
				TARGETED_DEVICE_FAMILY = "1,2";
				TEST_HOST = "$(BUILT_PRODUCTS_DIR)/Catalog.app/Catalog";
			};
			name = Debug;
		};
		3FDC893A2835068700A68C67 /* Release */ = {
			isa = XCBuildConfiguration;
			buildSettings = {
				ALWAYS_EMBED_SWIFT_STANDARD_LIBRARIES = YES;
				CODE_SIGN_STYLE = Automatic;
				CURRENT_PROJECT_VERSION = 1;
				DEVELOPMENT_TEAM = VGDVWV5J5U;
				GENERATE_INFOPLIST_FILE = YES;
				MARKETING_VERSION = 1.0;
				PRODUCT_BUNDLE_IDENTIFIER = com.ducnguyen.ComponentsTests;
				PRODUCT_NAME = "$(TARGET_NAME)";
				SWIFT_EMIT_LOC_STRINGS = NO;
				SWIFT_VERSION = 5.0;
				TARGETED_DEVICE_FAMILY = "1,2";
				TEST_HOST = "$(BUILT_PRODUCTS_DIR)/Catalog.app/Catalog";
			};
			name = Release;
		};
/* End XCBuildConfiguration section */

/* Begin XCConfigurationList section */
		3F26FC0E2835FC69003EF65C /* Build configuration list for PBXNativeTarget "DesignToolbox" */ = {
			isa = XCConfigurationList;
			buildConfigurations = (
				3F26FC0F2835FC69003EF65C /* Debug */,
				3F26FC102835FC69003EF65C /* Release */,
			);
			defaultConfigurationIsVisible = 0;
			defaultConfigurationName = Release;
		};
		3F26FC112835FC69003EF65C /* Build configuration list for PBXNativeTarget "DesignTests" */ = {
			isa = XCConfigurationList;
			buildConfigurations = (
				3F26FC122835FC69003EF65C /* Debug */,
				3F26FC132835FC69003EF65C /* Release */,
			);
			defaultConfigurationIsVisible = 0;
			defaultConfigurationName = Release;
		};
		3F7C1F9A2834A47300D136BE /* Build configuration list for PBXProject "ComponentSystem" */ = {
			isa = XCConfigurationList;
			buildConfigurations = (
				3F7C1FB22834A47400D136BE /* Debug */,
				3F7C1FB32834A47400D136BE /* Release */,
			);
			defaultConfigurationIsVisible = 0;
			defaultConfigurationName = Release;
		};
		3F7C1FB42834A47400D136BE /* Build configuration list for PBXNativeTarget "DesignCore" */ = {
			isa = XCConfigurationList;
			buildConfigurations = (
				3F7C1FB52834A47400D136BE /* Debug */,
				3F7C1FB62834A47400D136BE /* Release */,
			);
			defaultConfigurationIsVisible = 0;
			defaultConfigurationName = Release;
		};
		3F7C1FB72834A47400D136BE /* Build configuration list for PBXNativeTarget "CoreTests" */ = {
			isa = XCConfigurationList;
			buildConfigurations = (
				3F7C1FB82834A47400D136BE /* Debug */,
				3F7C1FB92834A47400D136BE /* Release */,
			);
			defaultConfigurationIsVisible = 0;
			defaultConfigurationName = Release;
		};
		3FA874B62838BC3A00699F51 /* Build configuration list for PBXNativeTarget "DesignRx" */ = {
			isa = XCConfigurationList;
			buildConfigurations = (
				3FA874B72838BC3A00699F51 /* Debug */,
				3FA874B82838BC3A00699F51 /* Release */,
			);
			defaultConfigurationIsVisible = 0;
			defaultConfigurationName = Release;
		};
		3FA874B92838BC3A00699F51 /* Build configuration list for PBXNativeTarget "RxComponentsTests" */ = {
			isa = XCConfigurationList;
			buildConfigurations = (
				3FA874BA2838BC3A00699F51 /* Debug */,
				3FA874BB2838BC3A00699F51 /* Release */,
			);
			defaultConfigurationIsVisible = 0;
			defaultConfigurationName = Release;
		};
		3FDC890D2835060100A68C67 /* Build configuration list for PBXNativeTarget "Catalog" */ = {
			isa = XCConfigurationList;
			buildConfigurations = (
				3FDC890B2835060100A68C67 /* Debug */,
				3FDC890C2835060100A68C67 /* Release */,
			);
			defaultConfigurationIsVisible = 0;
			defaultConfigurationName = Release;
		};
		3FDC89352835068700A68C67 /* Build configuration list for PBXNativeTarget "DesignComponents" */ = {
			isa = XCConfigurationList;
			buildConfigurations = (
				3FDC89362835068700A68C67 /* Debug */,
				3FDC89372835068700A68C67 /* Release */,
			);
			defaultConfigurationIsVisible = 0;
			defaultConfigurationName = Release;
		};
		3FDC89382835068700A68C67 /* Build configuration list for PBXNativeTarget "ComponentsTests" */ = {
			isa = XCConfigurationList;
			buildConfigurations = (
				3FDC89392835068700A68C67 /* Debug */,
				3FDC893A2835068700A68C67 /* Release */,
			);
			defaultConfigurationIsVisible = 0;
			defaultConfigurationName = Release;
		};
/* End XCConfigurationList section */

/* Begin XCRemoteSwiftPackageReference section */
		3F282372283F6BFD00B8F5FE /* XCRemoteSwiftPackageReference "Nuke" */ = {
			isa = XCRemoteSwiftPackageReference;
			repositoryURL = "https://github.com/kean/Nuke.git";
			requirement = {
				kind = upToNextMajorVersion;
				minimumVersion = 10.0.0;
			};
		};
		3FA874BE2838BEA900699F51 /* XCRemoteSwiftPackageReference "RxSwift" */ = {
			isa = XCRemoteSwiftPackageReference;
			repositoryURL = "https://github.com/ReactiveX/RxSwift.git";
			requirement = {
				kind = upToNextMajorVersion;
				minimumVersion = 6.0.0;
			};
		};
		3FA874CA2838C4FD00699F51 /* XCRemoteSwiftPackageReference "SnapKit" */ = {
			isa = XCRemoteSwiftPackageReference;
			repositoryURL = "https://github.com/SnapKit/SnapKit.git";
			requirement = {
				kind = upToNextMajorVersion;
				minimumVersion = 5.0.0;
			};
		};
/* End XCRemoteSwiftPackageReference section */

/* Begin XCSwiftPackageProductDependency section */
		3F282373283F6BFD00B8F5FE /* Nuke */ = {
			isa = XCSwiftPackageProductDependency;
			package = 3F282372283F6BFD00B8F5FE /* XCRemoteSwiftPackageReference "Nuke" */;
			productName = Nuke;
		};
		3FA874BF2838BEA900699F51 /* RxCocoa */ = {
			isa = XCSwiftPackageProductDependency;
			package = 3FA874BE2838BEA900699F51 /* XCRemoteSwiftPackageReference "RxSwift" */;
			productName = RxCocoa;
		};
		3FA874CB2838C4FD00699F51 /* SnapKit */ = {
			isa = XCSwiftPackageProductDependency;
			package = 3FA874CA2838C4FD00699F51 /* XCRemoteSwiftPackageReference "SnapKit" */;
			productName = SnapKit;
		};
/* End XCSwiftPackageProductDependency section */
	};
	rootObject = 3F7C1F972834A47300D136BE /* Project object */;
}
