// !$*UTF8*$!
{
	archiveVersion = 1;
	classes = {
	};
	objectVersion = 56;
	objects = {

/* Begin PBXBuildFile section */
		3F3EB6DF2B7BCADE0070F706 /* DesignExts in Frameworks */ = {isa = PBXBuildFile; productRef = 3F3EB6DE2B7BCADE0070F706 /* DesignExts */; };
		3F3EB6E12B7BCADE0070F706 /* DesignUIKit in Frameworks */ = {isa = PBXBuildFile; productRef = 3F3EB6E02B7BCADE0070F706 /* DesignUIKit */; };
		3F6272B02B6F585D00C91BB9 /* AppDelegate.swift in Sources */ = {isa = PBXBuildFile; fileRef = 3F6272AF2B6F585D00C91BB9 /* AppDelegate.swift */; };
		3F6272B42B6F585D00C91BB9 /* SwiftUIKitDemo.swift in Sources */ = {isa = PBXBuildFile; fileRef = 3F6272B32B6F585D00C91BB9 /* SwiftUIKitDemo.swift */; };
		3F6272B92B6F586000C91BB9 /* Assets.xcassets in Resources */ = {isa = PBXBuildFile; fileRef = 3F6272B82B6F586000C91BB9 /* Assets.xcassets */; };
		3F6272BC2B6F586000C91BB9 /* LaunchScreen.storyboard in Resources */ = {isa = PBXBuildFile; fileRef = 3F6272BA2B6F586000C91BB9 /* LaunchScreen.storyboard */; };
		3F6272C72B6F5BD100C91BB9 /* DesignCore in Frameworks */ = {isa = PBXBuildFile; productRef = 3F6272C62B6F5BD100C91BB9 /* DesignCore */; };
		3F6EBE2A2B8100B400CD9135 /* FilmItemView.swift in Sources */ = {isa = PBXBuildFile; fileRef = 3F6EBE282B8100B300CD9135 /* FilmItemView.swift */; };
		3F6EBE2B2B8100B400CD9135 /* FilmSectionView.swift in Sources */ = {isa = PBXBuildFile; fileRef = 3F6EBE292B8100B400CD9135 /* FilmSectionView.swift */; };
		3FB60F5A2B7E753F00E70586 /* ViewController.swift in Sources */ = {isa = PBXBuildFile; fileRef = 3FB60F592B7E753F00E70586 /* ViewController.swift */; };
		3FB60F5C2B7E759A00E70586 /* KeyboardDemo.swift in Sources */ = {isa = PBXBuildFile; fileRef = 3FB60F5B2B7E759A00E70586 /* KeyboardDemo.swift */; };
		3FB60F5E2B7E75CE00E70586 /* CommonTextFieldDemo.swift in Sources */ = {isa = PBXBuildFile; fileRef = 3FB60F5D2B7E75CE00E70586 /* CommonTextFieldDemo.swift */; };
		3FB60F612B7E769600E70586 /* CommonGalleryDemo.swift in Sources */ = {isa = PBXBuildFile; fileRef = 3FB60F602B7E769600E70586 /* CommonGalleryDemo.swift */; };
		3FB60F632B7E787C00E70586 /* DesignRxUIKit in Frameworks */ = {isa = PBXBuildFile; productRef = 3FB60F622B7E787C00E70586 /* DesignRxUIKit */; };
		3FB60F652B7E78BB00E70586 /* ComponentCell.swift in Sources */ = {isa = PBXBuildFile; fileRef = 3FB60F642B7E78BB00E70586 /* ComponentCell.swift */; };
/* End PBXBuildFile section */

/* Begin PBXFileReference section */
		3F6272AC2B6F585D00C91BB9 /* Example.app */ = {isa = PBXFileReference; explicitFileType = wrapper.application; includeInIndex = 0; path = Example.app; sourceTree = BUILT_PRODUCTS_DIR; };
		3F6272AF2B6F585D00C91BB9 /* AppDelegate.swift */ = {isa = PBXFileReference; lastKnownFileType = sourcecode.swift; path = AppDelegate.swift; sourceTree = "<group>"; };
		3F6272B32B6F585D00C91BB9 /* SwiftUIKitDemo.swift */ = {isa = PBXFileReference; lastKnownFileType = sourcecode.swift; path = SwiftUIKitDemo.swift; sourceTree = "<group>"; };
		3F6272B82B6F586000C91BB9 /* Assets.xcassets */ = {isa = PBXFileReference; lastKnownFileType = folder.assetcatalog; path = Assets.xcassets; sourceTree = "<group>"; };
		3F6272BB2B6F586000C91BB9 /* Base */ = {isa = PBXFileReference; lastKnownFileType = file.storyboard; name = Base; path = Base.lproj/LaunchScreen.storyboard; sourceTree = "<group>"; };
		3F6272BD2B6F586000C91BB9 /* Info.plist */ = {isa = PBXFileReference; lastKnownFileType = text.plist.xml; path = Info.plist; sourceTree = "<group>"; };
		3F6EBE282B8100B300CD9135 /* FilmItemView.swift */ = {isa = PBXFileReference; fileEncoding = 4; lastKnownFileType = sourcecode.swift; path = FilmItemView.swift; sourceTree = "<group>"; };
		3F6EBE292B8100B400CD9135 /* FilmSectionView.swift */ = {isa = PBXFileReference; fileEncoding = 4; lastKnownFileType = sourcecode.swift; path = FilmSectionView.swift; sourceTree = "<group>"; };
		3FB60F592B7E753F00E70586 /* ViewController.swift */ = {isa = PBXFileReference; lastKnownFileType = sourcecode.swift; path = ViewController.swift; sourceTree = "<group>"; };
		3FB60F5B2B7E759A00E70586 /* KeyboardDemo.swift */ = {isa = PBXFileReference; lastKnownFileType = sourcecode.swift; path = KeyboardDemo.swift; sourceTree = "<group>"; };
		3FB60F5D2B7E75CE00E70586 /* CommonTextFieldDemo.swift */ = {isa = PBXFileReference; lastKnownFileType = sourcecode.swift; path = CommonTextFieldDemo.swift; sourceTree = "<group>"; };
		3FB60F602B7E769600E70586 /* CommonGalleryDemo.swift */ = {isa = PBXFileReference; lastKnownFileType = sourcecode.swift; path = CommonGalleryDemo.swift; sourceTree = "<group>"; };
		3FB60F642B7E78BB00E70586 /* ComponentCell.swift */ = {isa = PBXFileReference; lastKnownFileType = sourcecode.swift; path = ComponentCell.swift; sourceTree = "<group>"; };
/* End PBXFileReference section */

/* Begin PBXFrameworksBuildPhase section */
		3F6272A92B6F585D00C91BB9 /* Frameworks */ = {
			isa = PBXFrameworksBuildPhase;
			buildActionMask = 2147483647;
			files = (
				3F3EB6DF2B7BCADE0070F706 /* DesignExts in Frameworks */,
				3F3EB6E12B7BCADE0070F706 /* DesignUIKit in Frameworks */,
				3F6272C72B6F5BD100C91BB9 /* DesignCore in Frameworks */,
				3FB60F632B7E787C00E70586 /* DesignRxUIKit in Frameworks */,
			);
			runOnlyForDeploymentPostprocessing = 0;
		};
/* End PBXFrameworksBuildPhase section */

/* Begin PBXGroup section */
		3F6272A32B6F585D00C91BB9 = {
			isa = PBXGroup;
			children = (
				3F6272AE2B6F585D00C91BB9 /* Example */,
				3F6272AD2B6F585D00C91BB9 /* Products */,
				3F6272C32B6F5BD100C91BB9 /* Frameworks */,
			);
			sourceTree = "<group>";
		};
		3F6272AD2B6F585D00C91BB9 /* Products */ = {
			isa = PBXGroup;
			children = (
				3F6272AC2B6F585D00C91BB9 /* Example.app */,
			);
			name = Products;
			sourceTree = "<group>";
		};
		3F6272AE2B6F585D00C91BB9 /* Example */ = {
			isa = PBXGroup;
			children = (
				3F6272AF2B6F585D00C91BB9 /* AppDelegate.swift */,
				3FB60F592B7E753F00E70586 /* ViewController.swift */,
				3FB60F642B7E78BB00E70586 /* ComponentCell.swift */,
				3FB60F5F2B7E766B00E70586 /* Demos */,
				3F6272B82B6F586000C91BB9 /* Assets.xcassets */,
				3F6272BA2B6F586000C91BB9 /* LaunchScreen.storyboard */,
				3F6272BD2B6F586000C91BB9 /* Info.plist */,
			);
			path = Example;
			sourceTree = "<group>";
		};
		3F6272C32B6F5BD100C91BB9 /* Frameworks */ = {
			isa = PBXGroup;
			children = (
			);
			name = Frameworks;
			sourceTree = "<group>";
		};
		3F6EBE272B8100A900CD9135 /* Support */ = {
			isa = PBXGroup;
			children = (
				3F6EBE292B8100B400CD9135 /* FilmSectionView.swift */,
				3F6EBE282B8100B300CD9135 /* FilmItemView.swift */,
			);
			path = Support;
			sourceTree = "<group>";
		};
		3FB60F5F2B7E766B00E70586 /* Demos */ = {
			isa = PBXGroup;
			children = (
				3F6EBE272B8100A900CD9135 /* Support */,
				3F6272B32B6F585D00C91BB9 /* SwiftUIKitDemo.swift */,
				3FB60F5D2B7E75CE00E70586 /* CommonTextFieldDemo.swift */,
				3FB60F5B2B7E759A00E70586 /* KeyboardDemo.swift */,
				3FB60F602B7E769600E70586 /* CommonGalleryDemo.swift */,
			);
			path = Demos;
			sourceTree = "<group>";
		};
/* End PBXGroup section */

/* Begin PBXNativeTarget section */
		3F6272AB2B6F585D00C91BB9 /* Example */ = {
			isa = PBXNativeTarget;
			buildConfigurationList = 3F6272C02B6F586000C91BB9 /* Build configuration list for PBXNativeTarget "Example" */;
			buildPhases = (
				3F6272A82B6F585D00C91BB9 /* Sources */,
				3F6272A92B6F585D00C91BB9 /* Frameworks */,
				3F6272AA2B6F585D00C91BB9 /* Resources */,
			);
			buildRules = (
			);
			dependencies = (
			);
			name = Example;
			packageProductDependencies = (
				3F6272C62B6F5BD100C91BB9 /* DesignCore */,
				3F3EB6DE2B7BCADE0070F706 /* DesignExts */,
				3F3EB6E02B7BCADE0070F706 /* DesignUIKit */,
				3FB60F622B7E787C00E70586 /* DesignRxUIKit */,
			);
			productName = Example;
			productReference = 3F6272AC2B6F585D00C91BB9 /* Example.app */;
			productType = "com.apple.product-type.application";
		};
/* End PBXNativeTarget section */

/* Begin PBXProject section */
		3F6272A42B6F585D00C91BB9 /* Project object */ = {
			isa = PBXProject;
			attributes = {
				BuildIndependentTargetsInParallel = 1;
				LastSwiftUpdateCheck = 1520;
				LastUpgradeCheck = 1520;
				TargetAttributes = {
					3F6272AB2B6F585D00C91BB9 = {
						CreatedOnToolsVersion = 15.2;
					};
				};
			};
			buildConfigurationList = 3F6272A72B6F585D00C91BB9 /* Build configuration list for PBXProject "Example" */;
			compatibilityVersion = "Xcode 14.0";
			developmentRegion = en;
			hasScannedForEncodings = 0;
			knownRegions = (
				en,
				Base,
			);
			mainGroup = 3F6272A32B6F585D00C91BB9;
			productRefGroup = 3F6272AD2B6F585D00C91BB9 /* Products */;
			projectDirPath = "";
			projectRoot = "";
			targets = (
				3F6272AB2B6F585D00C91BB9 /* Example */,
			);
		};
/* End PBXProject section */

/* Begin PBXResourcesBuildPhase section */
		3F6272AA2B6F585D00C91BB9 /* Resources */ = {
			isa = PBXResourcesBuildPhase;
			buildActionMask = 2147483647;
			files = (
				3F6272BC2B6F586000C91BB9 /* LaunchScreen.storyboard in Resources */,
				3F6272B92B6F586000C91BB9 /* Assets.xcassets in Resources */,
			);
			runOnlyForDeploymentPostprocessing = 0;
		};
/* End PBXResourcesBuildPhase section */

/* Begin PBXSourcesBuildPhase section */
		3F6272A82B6F585D00C91BB9 /* Sources */ = {
			isa = PBXSourcesBuildPhase;
			buildActionMask = 2147483647;
			files = (
				3F6272B42B6F585D00C91BB9 /* SwiftUIKitDemo.swift in Sources */,
				3FB60F652B7E78BB00E70586 /* ComponentCell.swift in Sources */,
				3FB60F5E2B7E75CE00E70586 /* CommonTextFieldDemo.swift in Sources */,
				3FB60F5A2B7E753F00E70586 /* ViewController.swift in Sources */,
				3FB60F5C2B7E759A00E70586 /* KeyboardDemo.swift in Sources */,
				3FB60F612B7E769600E70586 /* CommonGalleryDemo.swift in Sources */,
				3F6EBE2B2B8100B400CD9135 /* FilmSectionView.swift in Sources */,
				3F6272B02B6F585D00C91BB9 /* AppDelegate.swift in Sources */,
				3F6EBE2A2B8100B400CD9135 /* FilmItemView.swift in Sources */,
			);
			runOnlyForDeploymentPostprocessing = 0;
		};
/* End PBXSourcesBuildPhase section */

/* Begin PBXVariantGroup section */
		3F6272BA2B6F586000C91BB9 /* LaunchScreen.storyboard */ = {
			isa = PBXVariantGroup;
			children = (
				3F6272BB2B6F586000C91BB9 /* Base */,
			);
			name = LaunchScreen.storyboard;
			sourceTree = "<group>";
		};
/* End PBXVariantGroup section */

/* Begin XCBuildConfiguration section */
		3F6272BE2B6F586000C91BB9 /* Debug */ = {
			isa = XCBuildConfiguration;
			buildSettings = {
				ALWAYS_SEARCH_USER_PATHS = NO;
				ASSETCATALOG_COMPILER_GENERATE_SWIFT_ASSET_SYMBOL_EXTENSIONS = YES;
				CLANG_ANALYZER_NONNULL = YES;
				CLANG_ANALYZER_NUMBER_OBJECT_CONVERSION = YES_AGGRESSIVE;
				CLANG_CXX_LANGUAGE_STANDARD = "gnu++20";
				CLANG_ENABLE_MODULES = YES;
				CLANG_ENABLE_OBJC_ARC = YES;
				CLANG_ENABLE_OBJC_WEAK = YES;
				CLANG_WARN_BLOCK_CAPTURE_AUTORELEASING = YES;
				CLANG_WARN_BOOL_CONVERSION = YES;
				CLANG_WARN_COMMA = YES;
				CLANG_WARN_CONSTANT_CONVERSION = YES;
				CLANG_WARN_DEPRECATED_OBJC_IMPLEMENTATIONS = YES;
				CLANG_WARN_DIRECT_OBJC_ISA_USAGE = YES_ERROR;
				CLANG_WARN_DOCUMENTATION_COMMENTS = YES;
				CLANG_WARN_EMPTY_BODY = YES;
				CLANG_WARN_ENUM_CONVERSION = YES;
				CLANG_WARN_INFINITE_RECURSION = YES;
				CLANG_WARN_INT_CONVERSION = YES;
				CLANG_WARN_NON_LITERAL_NULL_CONVERSION = YES;
				CLANG_WARN_OBJC_IMPLICIT_RETAIN_SELF = YES;
				CLANG_WARN_OBJC_LITERAL_CONVERSION = YES;
				CLANG_WARN_OBJC_ROOT_CLASS = YES_ERROR;
				CLANG_WARN_QUOTED_INCLUDE_IN_FRAMEWORK_HEADER = YES;
				CLANG_WARN_RANGE_LOOP_ANALYSIS = YES;
				CLANG_WARN_STRICT_PROTOTYPES = YES;
				CLANG_WARN_SUSPICIOUS_MOVE = YES;
				CLANG_WARN_UNGUARDED_AVAILABILITY = YES_AGGRESSIVE;
				CLANG_WARN_UNREACHABLE_CODE = YES;
				CLANG_WARN__DUPLICATE_METHOD_MATCH = YES;
				COPY_PHASE_STRIP = NO;
				DEBUG_INFORMATION_FORMAT = dwarf;
				ENABLE_STRICT_OBJC_MSGSEND = YES;
				ENABLE_TESTABILITY = YES;
				ENABLE_USER_SCRIPT_SANDBOXING = YES;
				GCC_C_LANGUAGE_STANDARD = gnu17;
				GCC_DYNAMIC_NO_PIC = NO;
				GCC_NO_COMMON_BLOCKS = YES;
				GCC_OPTIMIZATION_LEVEL = 0;
				GCC_PREPROCESSOR_DEFINITIONS = (
					"DEBUG=1",
					"$(inherited)",
				);
				GCC_WARN_64_TO_32_BIT_CONVERSION = YES;
				GCC_WARN_ABOUT_RETURN_TYPE = YES_ERROR;
				GCC_WARN_UNDECLARED_SELECTOR = YES;
				GCC_WARN_UNINITIALIZED_AUTOS = YES_AGGRESSIVE;
				GCC_WARN_UNUSED_FUNCTION = YES;
				GCC_WARN_UNUSED_VARIABLE = YES;
				IPHONEOS_DEPLOYMENT_TARGET = 17.2;
				LOCALIZATION_PREFERS_STRING_CATALOGS = YES;
				MTL_ENABLE_DEBUG_INFO = INCLUDE_SOURCE;
				MTL_FAST_MATH = YES;
				ONLY_ACTIVE_ARCH = YES;
				SDKROOT = iphoneos;
				SWIFT_ACTIVE_COMPILATION_CONDITIONS = "DEBUG $(inherited)";
				SWIFT_OPTIMIZATION_LEVEL = "-Onone";
			};
			name = Debug;
		};
		3F6272BF2B6F586000C91BB9 /* Release */ = {
			isa = XCBuildConfiguration;
			buildSettings = {
				ALWAYS_SEARCH_USER_PATHS = NO;
				ASSETCATALOG_COMPILER_GENERATE_SWIFT_ASSET_SYMBOL_EXTENSIONS = YES;
				CLANG_ANALYZER_NONNULL = YES;
				CLANG_ANALYZER_NUMBER_OBJECT_CONVERSION = YES_AGGRESSIVE;
				CLANG_CXX_LANGUAGE_STANDARD = "gnu++20";
				CLANG_ENABLE_MODULES = YES;
				CLANG_ENABLE_OBJC_ARC = YES;
				CLANG_ENABLE_OBJC_WEAK = YES;
				CLANG_WARN_BLOCK_CAPTURE_AUTORELEASING = YES;
				CLANG_WARN_BOOL_CONVERSION = YES;
				CLANG_WARN_COMMA = YES;
				CLANG_WARN_CONSTANT_CONVERSION = YES;
				CLANG_WARN_DEPRECATED_OBJC_IMPLEMENTATIONS = YES;
				CLANG_WARN_DIRECT_OBJC_ISA_USAGE = YES_ERROR;
				CLANG_WARN_DOCUMENTATION_COMMENTS = YES;
				CLANG_WARN_EMPTY_BODY = YES;
				CLANG_WARN_ENUM_CONVERSION = YES;
				CLANG_WARN_INFINITE_RECURSION = YES;
				CLANG_WARN_INT_CONVERSION = YES;
				CLANG_WARN_NON_LITERAL_NULL_CONVERSION = YES;
				CLANG_WARN_OBJC_IMPLICIT_RETAIN_SELF = YES;
				CLANG_WARN_OBJC_LITERAL_CONVERSION = YES;
				CLANG_WARN_OBJC_ROOT_CLASS = YES_ERROR;
				CLANG_WARN_QUOTED_INCLUDE_IN_FRAMEWORK_HEADER = YES;
				CLANG_WARN_RANGE_LOOP_ANALYSIS = YES;
				CLANG_WARN_STRICT_PROTOTYPES = YES;
				CLANG_WARN_SUSPICIOUS_MOVE = YES;
				CLANG_WARN_UNGUARDED_AVAILABILITY = YES_AGGRESSIVE;
				CLANG_WARN_UNREACHABLE_CODE = YES;
				CLANG_WARN__DUPLICATE_METHOD_MATCH = YES;
				COPY_PHASE_STRIP = NO;
				DEBUG_INFORMATION_FORMAT = "dwarf-with-dsym";
				ENABLE_NS_ASSERTIONS = NO;
				ENABLE_STRICT_OBJC_MSGSEND = YES;
				ENABLE_USER_SCRIPT_SANDBOXING = YES;
				GCC_C_LANGUAGE_STANDARD = gnu17;
				GCC_NO_COMMON_BLOCKS = YES;
				GCC_WARN_64_TO_32_BIT_CONVERSION = YES;
				GCC_WARN_ABOUT_RETURN_TYPE = YES_ERROR;
				GCC_WARN_UNDECLARED_SELECTOR = YES;
				GCC_WARN_UNINITIALIZED_AUTOS = YES_AGGRESSIVE;
				GCC_WARN_UNUSED_FUNCTION = YES;
				GCC_WARN_UNUSED_VARIABLE = YES;
				IPHONEOS_DEPLOYMENT_TARGET = 17.2;
				LOCALIZATION_PREFERS_STRING_CATALOGS = YES;
				MTL_ENABLE_DEBUG_INFO = NO;
				MTL_FAST_MATH = YES;
				SDKROOT = iphoneos;
				SWIFT_COMPILATION_MODE = wholemodule;
				VALIDATE_PRODUCT = YES;
			};
			name = Release;
		};
		3F6272C12B6F586000C91BB9 /* Debug */ = {
			isa = XCBuildConfiguration;
			buildSettings = {
				ASSETCATALOG_COMPILER_APPICON_NAME = AppIcon;
				ASSETCATALOG_COMPILER_GLOBAL_ACCENT_COLOR_NAME = AccentColor;
				CODE_SIGN_STYLE = Automatic;
				CURRENT_PROJECT_VERSION = 1;
				DEVELOPMENT_TEAM = VGDVWV5J5U;
				GENERATE_INFOPLIST_FILE = YES;
				INFOPLIST_FILE = Example/Info.plist;
				INFOPLIST_KEY_UIApplicationSupportsIndirectInputEvents = YES;
				INFOPLIST_KEY_UILaunchStoryboardName = LaunchScreen;
				INFOPLIST_KEY_UISupportedInterfaceOrientations_iPad = "UIInterfaceOrientationPortrait UIInterfaceOrientationPortraitUpsideDown UIInterfaceOrientationLandscapeLeft UIInterfaceOrientationLandscapeRight";
				INFOPLIST_KEY_UISupportedInterfaceOrientations_iPhone = "UIInterfaceOrientationPortrait UIInterfaceOrientationLandscapeLeft UIInterfaceOrientationLandscapeRight";
				IPHONEOS_DEPLOYMENT_TARGET = 17.0;
				LD_RUNPATH_SEARCH_PATHS = (
					"$(inherited)",
					"@executable_path/Frameworks",
				);
				MARKETING_VERSION = 1.0;
				PRODUCT_BUNDLE_IDENTIFIER = page.ducnguyen.Example;
				PRODUCT_NAME = "$(TARGET_NAME)";
				SUPPORTED_PLATFORMS = "appletvos appletvsimulator iphoneos iphonesimulator macosx";
				SUPPORTS_MACCATALYST = NO;
				SUPPORTS_MAC_DESIGNED_FOR_IPHONE_IPAD = NO;
				SUPPORTS_XR_DESIGNED_FOR_IPHONE_IPAD = NO;
				SWIFT_EMIT_LOC_STRINGS = YES;
				SWIFT_VERSION = 5.0;
				TARGETED_DEVICE_FAMILY = "1,2,3";
			};
			name = Debug;
		};
		3F6272C22B6F586000C91BB9 /* Release */ = {
			isa = XCBuildConfiguration;
			buildSettings = {
				ASSETCATALOG_COMPILER_APPICON_NAME = AppIcon;
				ASSETCATALOG_COMPILER_GLOBAL_ACCENT_COLOR_NAME = AccentColor;
				CODE_SIGN_STYLE = Automatic;
				CURRENT_PROJECT_VERSION = 1;
				DEVELOPMENT_TEAM = VGDVWV5J5U;
				GENERATE_INFOPLIST_FILE = YES;
				INFOPLIST_FILE = Example/Info.plist;
				INFOPLIST_KEY_UIApplicationSupportsIndirectInputEvents = YES;
				INFOPLIST_KEY_UILaunchStoryboardName = LaunchScreen;
				INFOPLIST_KEY_UISupportedInterfaceOrientations_iPad = "UIInterfaceOrientationPortrait UIInterfaceOrientationPortraitUpsideDown UIInterfaceOrientationLandscapeLeft UIInterfaceOrientationLandscapeRight";
				INFOPLIST_KEY_UISupportedInterfaceOrientations_iPhone = "UIInterfaceOrientationPortrait UIInterfaceOrientationLandscapeLeft UIInterfaceOrientationLandscapeRight";
				IPHONEOS_DEPLOYMENT_TARGET = 17.0;
				LD_RUNPATH_SEARCH_PATHS = (
					"$(inherited)",
					"@executable_path/Frameworks",
				);
				MARKETING_VERSION = 1.0;
				PRODUCT_BUNDLE_IDENTIFIER = page.ducnguyen.Example;
				PRODUCT_NAME = "$(TARGET_NAME)";
				SUPPORTED_PLATFORMS = "appletvos appletvsimulator iphoneos iphonesimulator macosx";
				SUPPORTS_MACCATALYST = NO;
				SUPPORTS_MAC_DESIGNED_FOR_IPHONE_IPAD = NO;
				SUPPORTS_XR_DESIGNED_FOR_IPHONE_IPAD = NO;
				SWIFT_EMIT_LOC_STRINGS = YES;
				SWIFT_VERSION = 5.0;
				TARGETED_DEVICE_FAMILY = "1,2,3";
			};
			name = Release;
		};
/* End XCBuildConfiguration section */

/* Begin XCConfigurationList section */
		3F6272A72B6F585D00C91BB9 /* Build configuration list for PBXProject "Example" */ = {
			isa = XCConfigurationList;
			buildConfigurations = (
				3F6272BE2B6F586000C91BB9 /* Debug */,
				3F6272BF2B6F586000C91BB9 /* Release */,
			);
			defaultConfigurationIsVisible = 0;
			defaultConfigurationName = Release;
		};
		3F6272C02B6F586000C91BB9 /* Build configuration list for PBXNativeTarget "Example" */ = {
			isa = XCConfigurationList;
			buildConfigurations = (
				3F6272C12B6F586000C91BB9 /* Debug */,
				3F6272C22B6F586000C91BB9 /* Release */,
			);
			defaultConfigurationIsVisible = 0;
			defaultConfigurationName = Release;
		};
/* End XCConfigurationList section */

/* Begin XCSwiftPackageProductDependency section */
		3F3EB6DE2B7BCADE0070F706 /* DesignExts */ = {
			isa = XCSwiftPackageProductDependency;
			productName = DesignExts;
		};
		3F3EB6E02B7BCADE0070F706 /* DesignUIKit */ = {
			isa = XCSwiftPackageProductDependency;
			productName = DesignUIKit;
		};
		3F6272C62B6F5BD100C91BB9 /* DesignCore */ = {
			isa = XCSwiftPackageProductDependency;
			productName = DesignCore;
		};
		3FB60F622B7E787C00E70586 /* DesignRxUIKit */ = {
			isa = XCSwiftPackageProductDependency;
			productName = DesignRxUIKit;
		};
/* End XCSwiftPackageProductDependency section */
	};
	rootObject = 3F6272A42B6F585D00C91BB9 /* Project object */;
}
